
Microsoft Visual Studio Solution File, Format Version 12.00
# Visual Studio 14
VisualStudioVersion = 14.0.25420.1
MinimumVisualStudioVersion = 10.0.40219.1
Project("{FAE04EC0-301F-11D3-BF4B-00C04F79EFBC}") = "MigrateDataLib", "MigrateDataLib\MigrateDataLib.csproj", "{3463B0FF-4D86-4C20-A0F4-9EC596CDEA5B}"
EndProject
Project("{FAE04EC0-301F-11D3-BF4B-00C04F79EFBC}") = "MigrateDataApp", "MigrateDataApp\MigrateDataApp.csproj", "{A61E75C5-D59A-44B0-8BB5-EC5E2122228A}"
EndProject
Project("{2150E333-8FDC-42A3-9474-1A3956D46DE8}") = "Solution Items", "Solution Items", "{1C8E7C81-6757-4D9B-A544-1F0BB00E4416}"
	ProjectSection(SolutionItems) = preProject
		MigrateDataApp\bin\Debug\Ado\OKMZDY_MSSQL_TableConfig.h = MigrateDataApp\bin\Debug\Ado\OKMZDY_MSSQL_TableConfig.h
	EndProjectSection
EndProject
Project("{2150E333-8FDC-42A3-9474-1A3956D46DE8}") = "AdoTables", "AdoTables", "{BA4A9025-4130-48E1-80A3-7D5E9D9593B7}"
	ProjectSection(SolutionItems) = preProject
		MigrateDataApp\bin\Debug\Ado\OKMZDY_MSSQL_TableEntity\AdoAdresa.cpp = MigrateDataApp\bin\Debug\Ado\OKMZDY_MSSQL_TableEntity\AdoAdresa.cpp
		MigrateDataApp\bin\Debug\Ado\OKMZDY_MSSQL_TableEntity\AdoAdresa.h = MigrateDataApp\bin\Debug\Ado\OKMZDY_MSSQL_TableEntity\AdoAdresa.h
		MigrateDataApp\bin\Debug\Ado\OKMZDY_MSSQL_TableEntity\AdoAuditUdalost.cpp = MigrateDataApp\bin\Debug\Ado\OKMZDY_MSSQL_TableEntity\AdoAuditUdalost.cpp
		MigrateDataApp\bin\Debug\Ado\OKMZDY_MSSQL_TableEntity\AdoAuditUdalost.h = MigrateDataApp\bin\Debug\Ado\OKMZDY_MSSQL_TableEntity\AdoAuditUdalost.h
		MigrateDataApp\bin\Debug\Ado\OKMZDY_MSSQL_TableEntity\AdoAuditZaznamHist.cpp = MigrateDataApp\bin\Debug\Ado\OKMZDY_MSSQL_TableEntity\AdoAuditZaznamHist.cpp
		MigrateDataApp\bin\Debug\Ado\OKMZDY_MSSQL_TableEntity\AdoAuditZaznamHist.h = MigrateDataApp\bin\Debug\Ado\OKMZDY_MSSQL_TableEntity\AdoAuditZaznamHist.h
		MigrateDataApp\bin\Debug\Ado\OKMZDY_MSSQL_TableEntity\AdoBankSpoj.cpp = MigrateDataApp\bin\Debug\Ado\OKMZDY_MSSQL_TableEntity\AdoBankSpoj.cpp
		MigrateDataApp\bin\Debug\Ado\OKMZDY_MSSQL_TableEntity\AdoBankSpoj.h = MigrateDataApp\bin\Debug\Ado\OKMZDY_MSSQL_TableEntity\AdoBankSpoj.h
		MigrateDataApp\bin\Debug\Ado\OKMZDY_MSSQL_TableEntity\AdoDan.cpp = MigrateDataApp\bin\Debug\Ado\OKMZDY_MSSQL_TableEntity\AdoDan.cpp
		MigrateDataApp\bin\Debug\Ado\OKMZDY_MSSQL_TableEntity\AdoDan.h = MigrateDataApp\bin\Debug\Ado\OKMZDY_MSSQL_TableEntity\AdoDan.h
		MigrateDataApp\bin\Debug\Ado\OKMZDY_MSSQL_TableEntity\AdoDetailMedia.cpp = MigrateDataApp\bin\Debug\Ado\OKMZDY_MSSQL_TableEntity\AdoDetailMedia.cpp
		MigrateDataApp\bin\Debug\Ado\OKMZDY_MSSQL_TableEntity\AdoDetailMedia.h = MigrateDataApp\bin\Debug\Ado\OKMZDY_MSSQL_TableEntity\AdoDetailMedia.h
		MigrateDataApp\bin\Debug\Ado\OKMZDY_MSSQL_TableEntity\AdoDivizeStred.cpp = MigrateDataApp\bin\Debug\Ado\OKMZDY_MSSQL_TableEntity\AdoDivizeStred.cpp
		MigrateDataApp\bin\Debug\Ado\OKMZDY_MSSQL_TableEntity\AdoDivizeStred.h = MigrateDataApp\bin\Debug\Ado\OKMZDY_MSSQL_TableEntity\AdoDivizeStred.h
		MigrateDataApp\bin\Debug\Ado\OKMZDY_MSSQL_TableEntity\AdoExcelUImp.cpp = MigrateDataApp\bin\Debug\Ado\OKMZDY_MSSQL_TableEntity\AdoExcelUImp.cpp
		MigrateDataApp\bin\Debug\Ado\OKMZDY_MSSQL_TableEntity\AdoExcelUImp.h = MigrateDataApp\bin\Debug\Ado\OKMZDY_MSSQL_TableEntity\AdoExcelUImp.h
		MigrateDataApp\bin\Debug\Ado\OKMZDY_MSSQL_TableEntity\AdoFiltrMedia.cpp = MigrateDataApp\bin\Debug\Ado\OKMZDY_MSSQL_TableEntity\AdoFiltrMedia.cpp
		MigrateDataApp\bin\Debug\Ado\OKMZDY_MSSQL_TableEntity\AdoFiltrMedia.h = MigrateDataApp\bin\Debug\Ado\OKMZDY_MSSQL_TableEntity\AdoFiltrMedia.h
		MigrateDataApp\bin\Debug\Ado\OKMZDY_MSSQL_TableEntity\AdoFiltrPMedia.cpp = MigrateDataApp\bin\Debug\Ado\OKMZDY_MSSQL_TableEntity\AdoFiltrPMedia.cpp
		MigrateDataApp\bin\Debug\Ado\OKMZDY_MSSQL_TableEntity\AdoFiltrPMedia.h = MigrateDataApp\bin\Debug\Ado\OKMZDY_MSSQL_TableEntity\AdoFiltrPMedia.h
		MigrateDataApp\bin\Debug\Ado\OKMZDY_MSSQL_TableEntity\AdoFiltrUmedia.cpp = MigrateDataApp\bin\Debug\Ado\OKMZDY_MSSQL_TableEntity\AdoFiltrUmedia.cpp
		MigrateDataApp\bin\Debug\Ado\OKMZDY_MSSQL_TableEntity\AdoFiltrUmedia.h = MigrateDataApp\bin\Debug\Ado\OKMZDY_MSSQL_TableEntity\AdoFiltrUmedia.h
		MigrateDataApp\bin\Debug\Ado\OKMZDY_MSSQL_TableEntity\AdoFirma.cpp = MigrateDataApp\bin\Debug\Ado\OKMZDY_MSSQL_TableEntity\AdoFirma.cpp
		MigrateDataApp\bin\Debug\Ado\OKMZDY_MSSQL_TableEntity\AdoFirma.h = MigrateDataApp\bin\Debug\Ado\OKMZDY_MSSQL_TableEntity\AdoFirma.h
		MigrateDataApp\bin\Debug\Ado\OKMZDY_MSSQL_TableEntity\AdoHlaseniZP.cpp = MigrateDataApp\bin\Debug\Ado\OKMZDY_MSSQL_TableEntity\AdoHlaseniZP.cpp
		MigrateDataApp\bin\Debug\Ado\OKMZDY_MSSQL_TableEntity\AdoHlaseniZP.h = MigrateDataApp\bin\Debug\Ado\OKMZDY_MSSQL_TableEntity\AdoHlaseniZP.h
		MigrateDataApp\bin\Debug\Ado\OKMZDY_MSSQL_TableEntity\AdoImportCsvDavka.cpp = MigrateDataApp\bin\Debug\Ado\OKMZDY_MSSQL_TableEntity\AdoImportCsvDavka.cpp
		MigrateDataApp\bin\Debug\Ado\OKMZDY_MSSQL_TableEntity\AdoImportCsvDavka.h = MigrateDataApp\bin\Debug\Ado\OKMZDY_MSSQL_TableEntity\AdoImportCsvDavka.h
		MigrateDataApp\bin\Debug\Ado\OKMZDY_MSSQL_TableEntity\AdoImportPersIdentif.cpp = MigrateDataApp\bin\Debug\Ado\OKMZDY_MSSQL_TableEntity\AdoImportPersIdentif.cpp
		MigrateDataApp\bin\Debug\Ado\OKMZDY_MSSQL_TableEntity\AdoImportPersIdentif.h = MigrateDataApp\bin\Debug\Ado\OKMZDY_MSSQL_TableEntity\AdoImportPersIdentif.h
		MigrateDataApp\bin\Debug\Ado\OKMZDY_MSSQL_TableEntity\AdoImportPersRadka.cpp = MigrateDataApp\bin\Debug\Ado\OKMZDY_MSSQL_TableEntity\AdoImportPersRadka.cpp
		MigrateDataApp\bin\Debug\Ado\OKMZDY_MSSQL_TableEntity\AdoImportPersRadka.h = MigrateDataApp\bin\Debug\Ado\OKMZDY_MSSQL_TableEntity\AdoImportPersRadka.h
		MigrateDataApp\bin\Debug\Ado\OKMZDY_MSSQL_TableEntity\AdoImportPolozkaData.cpp = MigrateDataApp\bin\Debug\Ado\OKMZDY_MSSQL_TableEntity\AdoImportPolozkaData.cpp
		MigrateDataApp\bin\Debug\Ado\OKMZDY_MSSQL_TableEntity\AdoImportPolozkaData.h = MigrateDataApp\bin\Debug\Ado\OKMZDY_MSSQL_TableEntity\AdoImportPolozkaData.h
		MigrateDataApp\bin\Debug\Ado\OKMZDY_MSSQL_TableEntity\AdoImportProtokolData.cpp = MigrateDataApp\bin\Debug\Ado\OKMZDY_MSSQL_TableEntity\AdoImportProtokolData.cpp
		MigrateDataApp\bin\Debug\Ado\OKMZDY_MSSQL_TableEntity\AdoImportProtokolData.h = MigrateDataApp\bin\Debug\Ado\OKMZDY_MSSQL_TableEntity\AdoImportProtokolData.h
		MigrateDataApp\bin\Debug\Ado\OKMZDY_MSSQL_TableEntity\AdoKrokujPracovniky.cpp = MigrateDataApp\bin\Debug\Ado\OKMZDY_MSSQL_TableEntity\AdoKrokujPracovniky.cpp
		MigrateDataApp\bin\Debug\Ado\OKMZDY_MSSQL_TableEntity\AdoKrokujPracovniky.h = MigrateDataApp\bin\Debug\Ado\OKMZDY_MSSQL_TableEntity\AdoKrokujPracovniky.h
		MigrateDataApp\bin\Debug\Ado\OKMZDY_MSSQL_TableEntity\AdoKrokujPracPocitany.cpp = MigrateDataApp\bin\Debug\Ado\OKMZDY_MSSQL_TableEntity\AdoKrokujPracPocitany.cpp
		MigrateDataApp\bin\Debug\Ado\OKMZDY_MSSQL_TableEntity\AdoKrokujPracPocitany.h = MigrateDataApp\bin\Debug\Ado\OKMZDY_MSSQL_TableEntity\AdoKrokujPracPocitany.h
		MigrateDataApp\bin\Debug\Ado\OKMZDY_MSSQL_TableEntity\AdoMzda.cpp = MigrateDataApp\bin\Debug\Ado\OKMZDY_MSSQL_TableEntity\AdoMzda.cpp
		MigrateDataApp\bin\Debug\Ado\OKMZDY_MSSQL_TableEntity\AdoMzda.h = MigrateDataApp\bin\Debug\Ado\OKMZDY_MSSQL_TableEntity\AdoMzda.h
		MigrateDataApp\bin\Debug\Ado\OKMZDY_MSSQL_TableEntity\AdoMzvIisspPredpisy.cpp = MigrateDataApp\bin\Debug\Ado\OKMZDY_MSSQL_TableEntity\AdoMzvIisspPredpisy.cpp
		MigrateDataApp\bin\Debug\Ado\OKMZDY_MSSQL_TableEntity\AdoMzvIisspPredpisy.h = MigrateDataApp\bin\Debug\Ado\OKMZDY_MSSQL_TableEntity\AdoMzvIisspPredpisy.h
		MigrateDataApp\bin\Debug\Ado\OKMZDY_MSSQL_TableEntity\AdoNavestiFiltr.cpp = MigrateDataApp\bin\Debug\Ado\OKMZDY_MSSQL_TableEntity\AdoNavestiFiltr.cpp
		MigrateDataApp\bin\Debug\Ado\OKMZDY_MSSQL_TableEntity\AdoNavestiFiltr.h = MigrateDataApp\bin\Debug\Ado\OKMZDY_MSSQL_TableEntity\AdoNavestiFiltr.h
		MigrateDataApp\bin\Debug\Ado\OKMZDY_MSSQL_TableEntity\AdoNavestiUziv.cpp = MigrateDataApp\bin\Debug\Ado\OKMZDY_MSSQL_TableEntity\AdoNavestiUziv.cpp
		MigrateDataApp\bin\Debug\Ado\OKMZDY_MSSQL_TableEntity\AdoNavestiUziv.h = MigrateDataApp\bin\Debug\Ado\OKMZDY_MSSQL_TableEntity\AdoNavestiUziv.h
		MigrateDataApp\bin\Debug\Ado\OKMZDY_MSSQL_TableEntity\AdoNeprit.cpp = MigrateDataApp\bin\Debug\Ado\OKMZDY_MSSQL_TableEntity\AdoNeprit.cpp
		MigrateDataApp\bin\Debug\Ado\OKMZDY_MSSQL_TableEntity\AdoNeprit.h = MigrateDataApp\bin\Debug\Ado\OKMZDY_MSSQL_TableEntity\AdoNeprit.h
		MigrateDataApp\bin\Debug\Ado\OKMZDY_MSSQL_TableEntity\AdoOrganizace.cpp = MigrateDataApp\bin\Debug\Ado\OKMZDY_MSSQL_TableEntity\AdoOrganizace.cpp
		MigrateDataApp\bin\Debug\Ado\OKMZDY_MSSQL_TableEntity\AdoOrganizace.h = MigrateDataApp\bin\Debug\Ado\OKMZDY_MSSQL_TableEntity\AdoOrganizace.h
		MigrateDataApp\bin\Debug\Ado\OKMZDY_MSSQL_TableEntity\AdoOsdata.cpp = MigrateDataApp\bin\Debug\Ado\OKMZDY_MSSQL_TableEntity\AdoOsdata.cpp
		MigrateDataApp\bin\Debug\Ado\OKMZDY_MSSQL_TableEntity\AdoOsdata.h = MigrateDataApp\bin\Debug\Ado\OKMZDY_MSSQL_TableEntity\AdoOsdata.h
		MigrateDataApp\bin\Debug\Ado\OKMZDY_MSSQL_TableEntity\AdoPlatbyKonfig.cpp = MigrateDataApp\bin\Debug\Ado\OKMZDY_MSSQL_TableEntity\AdoPlatbyKonfig.cpp
		MigrateDataApp\bin\Debug\Ado\OKMZDY_MSSQL_TableEntity\AdoPlatbyKonfig.h = MigrateDataApp\bin\Debug\Ado\OKMZDY_MSSQL_TableEntity\AdoPlatbyKonfig.h
		MigrateDataApp\bin\Debug\Ado\OKMZDY_MSSQL_TableEntity\AdoPlatbyUtvary.cpp = MigrateDataApp\bin\Debug\Ado\OKMZDY_MSSQL_TableEntity\AdoPlatbyUtvary.cpp
		MigrateDataApp\bin\Debug\Ado\OKMZDY_MSSQL_TableEntity\AdoPlatbyUtvary.h = MigrateDataApp\bin\Debug\Ado\OKMZDY_MSSQL_TableEntity\AdoPlatbyUtvary.h
		MigrateDataApp\bin\Debug\Ado\OKMZDY_MSSQL_TableEntity\AdoPlatebniMedium.cpp = MigrateDataApp\bin\Debug\Ado\OKMZDY_MSSQL_TableEntity\AdoPlatebniMedium.cpp
		MigrateDataApp\bin\Debug\Ado\OKMZDY_MSSQL_TableEntity\AdoPlatebniMedium.h = MigrateDataApp\bin\Debug\Ado\OKMZDY_MSSQL_TableEntity\AdoPlatebniMedium.h
		MigrateDataApp\bin\Debug\Ado\OKMZDY_MSSQL_TableEntity\AdoPojistitel.cpp = MigrateDataApp\bin\Debug\Ado\OKMZDY_MSSQL_TableEntity\AdoPojistitel.cpp
		MigrateDataApp\bin\Debug\Ado\OKMZDY_MSSQL_TableEntity\AdoPojistitel.h = MigrateDataApp\bin\Debug\Ado\OKMZDY_MSSQL_TableEntity\AdoPojistitel.h
		MigrateDataApp\bin\Debug\Ado\OKMZDY_MSSQL_TableEntity\AdoPopisAuditText.cpp = MigrateDataApp\bin\Debug\Ado\OKMZDY_MSSQL_TableEntity\AdoPopisAuditText.cpp
		MigrateDataApp\bin\Debug\Ado\OKMZDY_MSSQL_TableEntity\AdoPopisAuditText.h = MigrateDataApp\bin\Debug\Ado\OKMZDY_MSSQL_TableEntity\AdoPopisAuditText.h
		MigrateDataApp\bin\Debug\Ado\OKMZDY_MSSQL_TableEntity\AdoPopisSlozka.cpp = MigrateDataApp\bin\Debug\Ado\OKMZDY_MSSQL_TableEntity\AdoPopisSlozka.cpp
		MigrateDataApp\bin\Debug\Ado\OKMZDY_MSSQL_TableEntity\AdoPopisSlozka.h = MigrateDataApp\bin\Debug\Ado\OKMZDY_MSSQL_TableEntity\AdoPopisSlozka.h
		MigrateDataApp\bin\Debug\Ado\OKMZDY_MSSQL_TableEntity\AdoPopisSlozkaH.cpp = MigrateDataApp\bin\Debug\Ado\OKMZDY_MSSQL_TableEntity\AdoPopisSlozkaH.cpp
		MigrateDataApp\bin\Debug\Ado\OKMZDY_MSSQL_TableEntity\AdoPopisSlozkaH.h = MigrateDataApp\bin\Debug\Ado\OKMZDY_MSSQL_TableEntity\AdoPopisSlozkaH.h
		MigrateDataApp\bin\Debug\Ado\OKMZDY_MSSQL_TableEntity\AdoPopisSlozkaT.cpp = MigrateDataApp\bin\Debug\Ado\OKMZDY_MSSQL_TableEntity\AdoPopisSlozkaT.cpp
		MigrateDataApp\bin\Debug\Ado\OKMZDY_MSSQL_TableEntity\AdoPopisSlozkaT.h = MigrateDataApp\bin\Debug\Ado\OKMZDY_MSSQL_TableEntity\AdoPopisSlozkaT.h
		MigrateDataApp\bin\Debug\Ado\OKMZDY_MSSQL_TableEntity\AdoPoplatky.cpp = MigrateDataApp\bin\Debug\Ado\OKMZDY_MSSQL_TableEntity\AdoPoplatky.cpp
		MigrateDataApp\bin\Debug\Ado\OKMZDY_MSSQL_TableEntity\AdoPoplatky.h = MigrateDataApp\bin\Debug\Ado\OKMZDY_MSSQL_TableEntity\AdoPoplatky.h
		MigrateDataApp\bin\Debug\Ado\OKMZDY_MSSQL_TableEntity\AdoPPomer.cpp = MigrateDataApp\bin\Debug\Ado\OKMZDY_MSSQL_TableEntity\AdoPPomer.cpp
		MigrateDataApp\bin\Debug\Ado\OKMZDY_MSSQL_TableEntity\AdoPPomer.h = MigrateDataApp\bin\Debug\Ado\OKMZDY_MSSQL_TableEntity\AdoPPomer.h
		MigrateDataApp\bin\Debug\Ado\OKMZDY_MSSQL_TableEntity\AdoPPomerDov.cpp = MigrateDataApp\bin\Debug\Ado\OKMZDY_MSSQL_TableEntity\AdoPPomerDov.cpp
		MigrateDataApp\bin\Debug\Ado\OKMZDY_MSSQL_TableEntity\AdoPPomerDov.h = MigrateDataApp\bin\Debug\Ado\OKMZDY_MSSQL_TableEntity\AdoPPomerDov.h
		MigrateDataApp\bin\Debug\Ado\OKMZDY_MSSQL_TableEntity\AdoPPomerDovRok.cpp = MigrateDataApp\bin\Debug\Ado\OKMZDY_MSSQL_TableEntity\AdoPPomerDovRok.cpp
		MigrateDataApp\bin\Debug\Ado\OKMZDY_MSSQL_TableEntity\AdoPPomerDovRok.h = MigrateDataApp\bin\Debug\Ado\OKMZDY_MSSQL_TableEntity\AdoPPomerDovRok.h
		MigrateDataApp\bin\Debug\Ado\OKMZDY_MSSQL_TableEntity\AdoPPomerMes.cpp = MigrateDataApp\bin\Debug\Ado\OKMZDY_MSSQL_TableEntity\AdoPPomerMes.cpp
		MigrateDataApp\bin\Debug\Ado\OKMZDY_MSSQL_TableEntity\AdoPPomerMes.h = MigrateDataApp\bin\Debug\Ado\OKMZDY_MSSQL_TableEntity\AdoPPomerMes.h
		MigrateDataApp\bin\Debug\Ado\OKMZDY_MSSQL_TableEntity\AdoPPomerOzp.cpp = MigrateDataApp\bin\Debug\Ado\OKMZDY_MSSQL_TableEntity\AdoPPomerOzp.cpp
		MigrateDataApp\bin\Debug\Ado\OKMZDY_MSSQL_TableEntity\AdoPPomerOzp.h = MigrateDataApp\bin\Debug\Ado\OKMZDY_MSSQL_TableEntity\AdoPPomerOzp.h
		MigrateDataApp\bin\Debug\Ado\OKMZDY_MSSQL_TableEntity\AdoPPomerPraxe.cpp = MigrateDataApp\bin\Debug\Ado\OKMZDY_MSSQL_TableEntity\AdoPPomerPraxe.cpp
		MigrateDataApp\bin\Debug\Ado\OKMZDY_MSSQL_TableEntity\AdoPPomerPraxe.h = MigrateDataApp\bin\Debug\Ado\OKMZDY_MSSQL_TableEntity\AdoPPomerPraxe.h
		MigrateDataApp\bin\Debug\Ado\OKMZDY_MSSQL_TableEntity\AdoPPomerSluzba.cpp = MigrateDataApp\bin\Debug\Ado\OKMZDY_MSSQL_TableEntity\AdoPPomerSluzba.cpp
		MigrateDataApp\bin\Debug\Ado\OKMZDY_MSSQL_TableEntity\AdoPPomerSluzba.h = MigrateDataApp\bin\Debug\Ado\OKMZDY_MSSQL_TableEntity\AdoPPomerSluzba.h
		MigrateDataApp\bin\Debug\Ado\OKMZDY_MSSQL_TableEntity\AdoPPomerSum.cpp = MigrateDataApp\bin\Debug\Ado\OKMZDY_MSSQL_TableEntity\AdoPPomerSum.cpp
		MigrateDataApp\bin\Debug\Ado\OKMZDY_MSSQL_TableEntity\AdoPPomerSum.h = MigrateDataApp\bin\Debug\Ado\OKMZDY_MSSQL_TableEntity\AdoPPomerSum.h
		MigrateDataApp\bin\Debug\Ado\OKMZDY_MSSQL_TableEntity\AdoPPomUkazatele.cpp = MigrateDataApp\bin\Debug\Ado\OKMZDY_MSSQL_TableEntity\AdoPPomUkazatele.cpp
		MigrateDataApp\bin\Debug\Ado\OKMZDY_MSSQL_TableEntity\AdoPPomUkazatele.h = MigrateDataApp\bin\Debug\Ado\OKMZDY_MSSQL_TableEntity\AdoPPomUkazatele.h
		MigrateDataApp\bin\Debug\Ado\OKMZDY_MSSQL_TableEntity\AdoPrac.cpp = MigrateDataApp\bin\Debug\Ado\OKMZDY_MSSQL_TableEntity\AdoPrac.cpp
		MigrateDataApp\bin\Debug\Ado\OKMZDY_MSSQL_TableEntity\AdoPrac.h = MigrateDataApp\bin\Debug\Ado\OKMZDY_MSSQL_TableEntity\AdoPrac.h
		MigrateDataApp\bin\Debug\Ado\OKMZDY_MSSQL_TableEntity\AdoPracNeprit.cpp = MigrateDataApp\bin\Debug\Ado\OKMZDY_MSSQL_TableEntity\AdoPracNeprit.cpp
		MigrateDataApp\bin\Debug\Ado\OKMZDY_MSSQL_TableEntity\AdoPracNeprit.h = MigrateDataApp\bin\Debug\Ado\OKMZDY_MSSQL_TableEntity\AdoPracNeprit.h
		MigrateDataApp\bin\Debug\Ado\OKMZDY_MSSQL_TableEntity\AdoPracReldp09DataPoj.cpp = MigrateDataApp\bin\Debug\Ado\OKMZDY_MSSQL_TableEntity\AdoPracReldp09DataPoj.cpp
		MigrateDataApp\bin\Debug\Ado\OKMZDY_MSSQL_TableEntity\AdoPracReldp09DataPoj.h = MigrateDataApp\bin\Debug\Ado\OKMZDY_MSSQL_TableEntity\AdoPracReldp09DataPoj.h
		MigrateDataApp\bin\Debug\Ado\OKMZDY_MSSQL_TableEntity\AdoPracReldp09DataPrac.cpp = MigrateDataApp\bin\Debug\Ado\OKMZDY_MSSQL_TableEntity\AdoPracReldp09DataPrac.cpp
		MigrateDataApp\bin\Debug\Ado\OKMZDY_MSSQL_TableEntity\AdoPracReldp09DataPrac.h = MigrateDataApp\bin\Debug\Ado\OKMZDY_MSSQL_TableEntity\AdoPracReldp09DataPrac.h
		MigrateDataApp\bin\Debug\Ado\OKMZDY_MSSQL_TableEntity\AdoPracReldpData.cpp = MigrateDataApp\bin\Debug\Ado\OKMZDY_MSSQL_TableEntity\AdoPracReldpData.cpp
		MigrateDataApp\bin\Debug\Ado\OKMZDY_MSSQL_TableEntity\AdoPracReldpData.h = MigrateDataApp\bin\Debug\Ado\OKMZDY_MSSQL_TableEntity\AdoPracReldpData.h
		MigrateDataApp\bin\Debug\Ado\OKMZDY_MSSQL_TableEntity\AdoPracReldpListek.cpp = MigrateDataApp\bin\Debug\Ado\OKMZDY_MSSQL_TableEntity\AdoPracReldpListek.cpp
		MigrateDataApp\bin\Debug\Ado\OKMZDY_MSSQL_TableEntity\AdoPracReldpListek.h = MigrateDataApp\bin\Debug\Ado\OKMZDY_MSSQL_TableEntity\AdoPracReldpListek.h
		MigrateDataApp\bin\Debug\Ado\OKMZDY_MSSQL_TableEntity\AdoPracUkazatele.cpp = MigrateDataApp\bin\Debug\Ado\OKMZDY_MSSQL_TableEntity\AdoPracUkazatele.cpp
		MigrateDataApp\bin\Debug\Ado\OKMZDY_MSSQL_TableEntity\AdoPracUkazatele.h = MigrateDataApp\bin\Debug\Ado\OKMZDY_MSSQL_TableEntity\AdoPracUkazatele.h
		MigrateDataApp\bin\Debug\Ado\OKMZDY_MSSQL_TableEntity\AdoPracVyberAggr.cpp = MigrateDataApp\bin\Debug\Ado\OKMZDY_MSSQL_TableEntity\AdoPracVyberAggr.cpp
		MigrateDataApp\bin\Debug\Ado\OKMZDY_MSSQL_TableEntity\AdoPracVyberAggr.h = MigrateDataApp\bin\Debug\Ado\OKMZDY_MSSQL_TableEntity\AdoPracVyberAggr.h
		MigrateDataApp\bin\Debug\Ado\OKMZDY_MSSQL_TableEntity\AdoPracVzdelavani.cpp = MigrateDataApp\bin\Debug\Ado\OKMZDY_MSSQL_TableEntity\AdoPracVzdelavani.cpp
		MigrateDataApp\bin\Debug\Ado\OKMZDY_MSSQL_TableEntity\AdoPracVzdelavani.h = MigrateDataApp\bin\Debug\Ado\OKMZDY_MSSQL_TableEntity\AdoPracVzdelavani.h
		MigrateDataApp\bin\Debug\Ado\OKMZDY_MSSQL_TableEntity\AdoPrijmy.cpp = MigrateDataApp\bin\Debug\Ado\OKMZDY_MSSQL_TableEntity\AdoPrijmy.cpp
		MigrateDataApp\bin\Debug\Ado\OKMZDY_MSSQL_TableEntity\AdoPrijmy.h = MigrateDataApp\bin\Debug\Ado\OKMZDY_MSSQL_TableEntity\AdoPrijmy.h
		MigrateDataApp\bin\Debug\Ado\OKMZDY_MSSQL_TableEntity\AdoPrijmy1500.cpp = MigrateDataApp\bin\Debug\Ado\OKMZDY_MSSQL_TableEntity\AdoPrijmy1500.cpp
		MigrateDataApp\bin\Debug\Ado\OKMZDY_MSSQL_TableEntity\AdoPrijmy1500.h = MigrateDataApp\bin\Debug\Ado\OKMZDY_MSSQL_TableEntity\AdoPrijmy1500.h
		MigrateDataApp\bin\Debug\Ado\OKMZDY_MSSQL_TableEntity\AdoPrijmyMes.cpp = MigrateDataApp\bin\Debug\Ado\OKMZDY_MSSQL_TableEntity\AdoPrijmyMes.cpp
		MigrateDataApp\bin\Debug\Ado\OKMZDY_MSSQL_TableEntity\AdoPrijmyMes.h = MigrateDataApp\bin\Debug\Ado\OKMZDY_MSSQL_TableEntity\AdoPrijmyMes.h
		MigrateDataApp\bin\Debug\Ado\OKMZDY_MSSQL_TableEntity\AdoPrijmySSP.cpp = MigrateDataApp\bin\Debug\Ado\OKMZDY_MSSQL_TableEntity\AdoPrijmySSP.cpp
		MigrateDataApp\bin\Debug\Ado\OKMZDY_MSSQL_TableEntity\AdoPrijmySSP.h = MigrateDataApp\bin\Debug\Ado\OKMZDY_MSSQL_TableEntity\AdoPrijmySSP.h
		MigrateDataApp\bin\Debug\Ado\OKMZDY_MSSQL_TableEntity\AdoProhlaseni.cpp = MigrateDataApp\bin\Debug\Ado\OKMZDY_MSSQL_TableEntity\AdoProhlaseni.cpp
		MigrateDataApp\bin\Debug\Ado\OKMZDY_MSSQL_TableEntity\AdoProhlaseni.h = MigrateDataApp\bin\Debug\Ado\OKMZDY_MSSQL_TableEntity\AdoProhlaseni.h
		MigrateDataApp\bin\Debug\Ado\OKMZDY_MSSQL_TableEntity\AdoRodina.cpp = MigrateDataApp\bin\Debug\Ado\OKMZDY_MSSQL_TableEntity\AdoRodina.cpp
		MigrateDataApp\bin\Debug\Ado\OKMZDY_MSSQL_TableEntity\AdoRodina.h = MigrateDataApp\bin\Debug\Ado\OKMZDY_MSSQL_TableEntity\AdoRodina.h
		MigrateDataApp\bin\Debug\Ado\OKMZDY_MSSQL_TableEntity\AdoSberneMedium.cpp = MigrateDataApp\bin\Debug\Ado\OKMZDY_MSSQL_TableEntity\AdoSberneMedium.cpp
		MigrateDataApp\bin\Debug\Ado\OKMZDY_MSSQL_TableEntity\AdoSberneMedium.h = MigrateDataApp\bin\Debug\Ado\OKMZDY_MSSQL_TableEntity\AdoSberneMedium.h
		MigrateDataApp\bin\Debug\Ado\OKMZDY_MSSQL_TableEntity\AdoSestavyData.cpp = MigrateDataApp\bin\Debug\Ado\OKMZDY_MSSQL_TableEntity\AdoSestavyData.cpp
		MigrateDataApp\bin\Debug\Ado\OKMZDY_MSSQL_TableEntity\AdoSestavyData.h = MigrateDataApp\bin\Debug\Ado\OKMZDY_MSSQL_TableEntity\AdoSestavyData.h
		MigrateDataApp\bin\Debug\Ado\OKMZDY_MSSQL_TableEntity\AdoSestavyFiltr.cpp = MigrateDataApp\bin\Debug\Ado\OKMZDY_MSSQL_TableEntity\AdoSestavyFiltr.cpp
		MigrateDataApp\bin\Debug\Ado\OKMZDY_MSSQL_TableEntity\AdoSestavyFiltr.h = MigrateDataApp\bin\Debug\Ado\OKMZDY_MSSQL_TableEntity\AdoSestavyFiltr.h
		MigrateDataApp\bin\Debug\Ado\OKMZDY_MSSQL_TableEntity\AdoSestavyHtml.cpp = MigrateDataApp\bin\Debug\Ado\OKMZDY_MSSQL_TableEntity\AdoSestavyHtml.cpp
		MigrateDataApp\bin\Debug\Ado\OKMZDY_MSSQL_TableEntity\AdoSestavyHtml.h = MigrateDataApp\bin\Debug\Ado\OKMZDY_MSSQL_TableEntity\AdoSestavyHtml.h
		MigrateDataApp\bin\Debug\Ado\OKMZDY_MSSQL_TableEntity\AdoSestavyLst.cpp = MigrateDataApp\bin\Debug\Ado\OKMZDY_MSSQL_TableEntity\AdoSestavyLst.cpp
		MigrateDataApp\bin\Debug\Ado\OKMZDY_MSSQL_TableEntity\AdoSestavyLst.h = MigrateDataApp\bin\Debug\Ado\OKMZDY_MSSQL_TableEntity\AdoSestavyLst.h
		MigrateDataApp\bin\Debug\Ado\OKMZDY_MSSQL_TableEntity\AdoSestavyULst.cpp = MigrateDataApp\bin\Debug\Ado\OKMZDY_MSSQL_TableEntity\AdoSestavyULst.cpp
		MigrateDataApp\bin\Debug\Ado\OKMZDY_MSSQL_TableEntity\AdoSestavyULst.h = MigrateDataApp\bin\Debug\Ado\OKMZDY_MSSQL_TableEntity\AdoSestavyULst.h
		MigrateDataApp\bin\Debug\Ado\OKMZDY_MSSQL_TableEntity\AdoSestavyUziv.cpp = MigrateDataApp\bin\Debug\Ado\OKMZDY_MSSQL_TableEntity\AdoSestavyUziv.cpp
		MigrateDataApp\bin\Debug\Ado\OKMZDY_MSSQL_TableEntity\AdoSestavyUziv.h = MigrateDataApp\bin\Debug\Ado\OKMZDY_MSSQL_TableEntity\AdoSestavyUziv.h
		MigrateDataApp\bin\Debug\Ado\OKMZDY_MSSQL_TableEntity\AdoSrazka.cpp = MigrateDataApp\bin\Debug\Ado\OKMZDY_MSSQL_TableEntity\AdoSrazka.cpp
		MigrateDataApp\bin\Debug\Ado\OKMZDY_MSSQL_TableEntity\AdoSrazka.h = MigrateDataApp\bin\Debug\Ado\OKMZDY_MSSQL_TableEntity\AdoSrazka.h
		MigrateDataApp\bin\Debug\Ado\OKMZDY_MSSQL_TableEntity\AdoStavDatabaze.cpp = MigrateDataApp\bin\Debug\Ado\OKMZDY_MSSQL_TableEntity\AdoStavDatabaze.cpp
		MigrateDataApp\bin\Debug\Ado\OKMZDY_MSSQL_TableEntity\AdoStavDatabaze.h = MigrateDataApp\bin\Debug\Ado\OKMZDY_MSSQL_TableEntity\AdoStavDatabaze.h
		MigrateDataApp\bin\Debug\Ado\OKMZDY_MSSQL_TableEntity\AdoStavDefault.cpp = MigrateDataApp\bin\Debug\Ado\OKMZDY_MSSQL_TableEntity\AdoStavDefault.cpp
		MigrateDataApp\bin\Debug\Ado\OKMZDY_MSSQL_TableEntity\AdoStavDefault.h = MigrateDataApp\bin\Debug\Ado\OKMZDY_MSSQL_TableEntity\AdoStavDefault.h
		MigrateDataApp\bin\Debug\Ado\OKMZDY_MSSQL_TableEntity\AdoStavKonfig.cpp = MigrateDataApp\bin\Debug\Ado\OKMZDY_MSSQL_TableEntity\AdoStavKonfig.cpp
		MigrateDataApp\bin\Debug\Ado\OKMZDY_MSSQL_TableEntity\AdoStavKonfig.h = MigrateDataApp\bin\Debug\Ado\OKMZDY_MSSQL_TableEntity\AdoStavKonfig.h
		MigrateDataApp\bin\Debug\Ado\OKMZDY_MSSQL_TableEntity\AdoStavKonfigSmtp.cpp = MigrateDataApp\bin\Debug\Ado\OKMZDY_MSSQL_TableEntity\AdoStavKonfigSmtp.cpp
		MigrateDataApp\bin\Debug\Ado\OKMZDY_MSSQL_TableEntity\AdoStavKonfigSmtp.h = MigrateDataApp\bin\Debug\Ado\OKMZDY_MSSQL_TableEntity\AdoStavKonfigSmtp.h
		MigrateDataApp\bin\Debug\Ado\OKMZDY_MSSQL_TableEntity\AdoStavKonfigUcert.cpp = MigrateDataApp\bin\Debug\Ado\OKMZDY_MSSQL_TableEntity\AdoStavKonfigUcert.cpp
		MigrateDataApp\bin\Debug\Ado\OKMZDY_MSSQL_TableEntity\AdoStavKonfigUcert.h = MigrateDataApp\bin\Debug\Ado\OKMZDY_MSSQL_TableEntity\AdoStavKonfigUcert.h
		MigrateDataApp\bin\Debug\Ado\OKMZDY_MSSQL_TableEntity\AdoStavKonfigVRep.cpp = MigrateDataApp\bin\Debug\Ado\OKMZDY_MSSQL_TableEntity\AdoStavKonfigVRep.cpp
		MigrateDataApp\bin\Debug\Ado\OKMZDY_MSSQL_TableEntity\AdoStavKonfigVRep.h = MigrateDataApp\bin\Debug\Ado\OKMZDY_MSSQL_TableEntity\AdoStavKonfigVRep.h
		MigrateDataApp\bin\Debug\Ado\OKMZDY_MSSQL_TableEntity\AdoStavMes.cpp = MigrateDataApp\bin\Debug\Ado\OKMZDY_MSSQL_TableEntity\AdoStavMes.cpp
		MigrateDataApp\bin\Debug\Ado\OKMZDY_MSSQL_TableEntity\AdoStavMes.h = MigrateDataApp\bin\Debug\Ado\OKMZDY_MSSQL_TableEntity\AdoStavMes.h
		MigrateDataApp\bin\Debug\Ado\OKMZDY_MSSQL_TableEntity\AdoStavMesDan.cpp = MigrateDataApp\bin\Debug\Ado\OKMZDY_MSSQL_TableEntity\AdoStavMesDan.cpp
		MigrateDataApp\bin\Debug\Ado\OKMZDY_MSSQL_TableEntity\AdoStavMesDan.h = MigrateDataApp\bin\Debug\Ado\OKMZDY_MSSQL_TableEntity\AdoStavMesDan.h
		MigrateDataApp\bin\Debug\Ado\OKMZDY_MSSQL_TableEntity\AdoStavMessage.cpp = MigrateDataApp\bin\Debug\Ado\OKMZDY_MSSQL_TableEntity\AdoStavMessage.cpp
		MigrateDataApp\bin\Debug\Ado\OKMZDY_MSSQL_TableEntity\AdoStavMessage.h = MigrateDataApp\bin\Debug\Ado\OKMZDY_MSSQL_TableEntity\AdoStavMessage.h
		MigrateDataApp\bin\Debug\Ado\OKMZDY_MSSQL_TableEntity\AdoStavOzp.cpp = MigrateDataApp\bin\Debug\Ado\OKMZDY_MSSQL_TableEntity\AdoStavOzp.cpp
		MigrateDataApp\bin\Debug\Ado\OKMZDY_MSSQL_TableEntity\AdoStavOzp.h = MigrateDataApp\bin\Debug\Ado\OKMZDY_MSSQL_TableEntity\AdoStavOzp.h
		MigrateDataApp\bin\Debug\Ado\OKMZDY_MSSQL_TableEntity\AdoStavSemafor.cpp = MigrateDataApp\bin\Debug\Ado\OKMZDY_MSSQL_TableEntity\AdoStavSemafor.cpp
		MigrateDataApp\bin\Debug\Ado\OKMZDY_MSSQL_TableEntity\AdoStavSemafor.h = MigrateDataApp\bin\Debug\Ado\OKMZDY_MSSQL_TableEntity\AdoStavSemafor.h
		MigrateDataApp\bin\Debug\Ado\OKMZDY_MSSQL_TableEntity\AdoStavStat.cpp = MigrateDataApp\bin\Debug\Ado\OKMZDY_MSSQL_TableEntity\AdoStavStat.cpp
		MigrateDataApp\bin\Debug\Ado\OKMZDY_MSSQL_TableEntity\AdoStavStat.h = MigrateDataApp\bin\Debug\Ado\OKMZDY_MSSQL_TableEntity\AdoStavStat.h
		MigrateDataApp\bin\Debug\Ado\OKMZDY_MSSQL_TableEntity\AdoStredCinzak.cpp = MigrateDataApp\bin\Debug\Ado\OKMZDY_MSSQL_TableEntity\AdoStredCinzak.cpp
		MigrateDataApp\bin\Debug\Ado\OKMZDY_MSSQL_TableEntity\AdoStredCinzak.h = MigrateDataApp\bin\Debug\Ado\OKMZDY_MSSQL_TableEntity\AdoStredCinzak.h
		MigrateDataApp\bin\Debug\Ado\OKMZDY_MSSQL_TableEntity\AdoStredRozpocet.cpp = MigrateDataApp\bin\Debug\Ado\OKMZDY_MSSQL_TableEntity\AdoStredRozpocet.cpp
		MigrateDataApp\bin\Debug\Ado\OKMZDY_MSSQL_TableEntity\AdoStredRozpocet.h = MigrateDataApp\bin\Debug\Ado\OKMZDY_MSSQL_TableEntity\AdoStredRozpocet.h
		MigrateDataApp\bin\Debug\Ado\OKMZDY_MSSQL_TableEntity\AdoSumaDan.cpp = MigrateDataApp\bin\Debug\Ado\OKMZDY_MSSQL_TableEntity\AdoSumaDan.cpp
		MigrateDataApp\bin\Debug\Ado\OKMZDY_MSSQL_TableEntity\AdoSumaDan.h = MigrateDataApp\bin\Debug\Ado\OKMZDY_MSSQL_TableEntity\AdoSumaDan.h
		MigrateDataApp\bin\Debug\Ado\OKMZDY_MSSQL_TableEntity\AdoSvatek.cpp = MigrateDataApp\bin\Debug\Ado\OKMZDY_MSSQL_TableEntity\AdoSvatek.cpp
		MigrateDataApp\bin\Debug\Ado\OKMZDY_MSSQL_TableEntity\AdoSvatek.h = MigrateDataApp\bin\Debug\Ado\OKMZDY_MSSQL_TableEntity\AdoSvatek.h
		MigrateDataApp\bin\Debug\Ado\OKMZDY_MSSQL_TableEntity\AdoTarifniTrida.cpp = MigrateDataApp\bin\Debug\Ado\OKMZDY_MSSQL_TableEntity\AdoTarifniTrida.cpp
		MigrateDataApp\bin\Debug\Ado\OKMZDY_MSSQL_TableEntity\AdoTarifniTrida.h = MigrateDataApp\bin\Debug\Ado\OKMZDY_MSSQL_TableEntity\AdoTarifniTrida.h
		MigrateDataApp\bin\Debug\Ado\OKMZDY_MSSQL_TableEntity\AdoTarifniTridaH.cpp = MigrateDataApp\bin\Debug\Ado\OKMZDY_MSSQL_TableEntity\AdoTarifniTridaH.cpp
		MigrateDataApp\bin\Debug\Ado\OKMZDY_MSSQL_TableEntity\AdoTarifniTridaH.h = MigrateDataApp\bin\Debug\Ado\OKMZDY_MSSQL_TableEntity\AdoTarifniTridaH.h
		MigrateDataApp\bin\Debug\Ado\OKMZDY_MSSQL_TableEntity\AdoTarifniTridaT.cpp = MigrateDataApp\bin\Debug\Ado\OKMZDY_MSSQL_TableEntity\AdoTarifniTridaT.cpp
		MigrateDataApp\bin\Debug\Ado\OKMZDY_MSSQL_TableEntity\AdoTarifniTridaT.h = MigrateDataApp\bin\Debug\Ado\OKMZDY_MSSQL_TableEntity\AdoTarifniTridaT.h
		MigrateDataApp\bin\Debug\Ado\OKMZDY_MSSQL_TableEntity\AdoUcetniMedium.cpp = MigrateDataApp\bin\Debug\Ado\OKMZDY_MSSQL_TableEntity\AdoUcetniMedium.cpp
		MigrateDataApp\bin\Debug\Ado\OKMZDY_MSSQL_TableEntity\AdoUcetniMedium.h = MigrateDataApp\bin\Debug\Ado\OKMZDY_MSSQL_TableEntity\AdoUcetniMedium.h
		MigrateDataApp\bin\Debug\Ado\OKMZDY_MSSQL_TableEntity\AdoUcetniOsnova.cpp = MigrateDataApp\bin\Debug\Ado\OKMZDY_MSSQL_TableEntity\AdoUcetniOsnova.cpp
		MigrateDataApp\bin\Debug\Ado\OKMZDY_MSSQL_TableEntity\AdoUcetniOsnova.h = MigrateDataApp\bin\Debug\Ado\OKMZDY_MSSQL_TableEntity\AdoUcetniOsnova.h
		MigrateDataApp\bin\Debug\Ado\OKMZDY_MSSQL_TableEntity\AdoUcetniPolozky.cpp = MigrateDataApp\bin\Debug\Ado\OKMZDY_MSSQL_TableEntity\AdoUcetniPolozky.cpp
		MigrateDataApp\bin\Debug\Ado\OKMZDY_MSSQL_TableEntity\AdoUcetniPolozky.h = MigrateDataApp\bin\Debug\Ado\OKMZDY_MSSQL_TableEntity\AdoUcetniPolozky.h
		MigrateDataApp\bin\Debug\Ado\OKMZDY_MSSQL_TableEntity\AdoUcetniPredpisy.cpp = MigrateDataApp\bin\Debug\Ado\OKMZDY_MSSQL_TableEntity\AdoUcetniPredpisy.cpp
		MigrateDataApp\bin\Debug\Ado\OKMZDY_MSSQL_TableEntity\AdoUcetniPredpisy.h = MigrateDataApp\bin\Debug\Ado\OKMZDY_MSSQL_TableEntity\AdoUcetniPredpisy.h
		MigrateDataApp\bin\Debug\Ado\OKMZDY_MSSQL_TableEntity\AdoUtvar.cpp = MigrateDataApp\bin\Debug\Ado\OKMZDY_MSSQL_TableEntity\AdoUtvar.cpp
		MigrateDataApp\bin\Debug\Ado\OKMZDY_MSSQL_TableEntity\AdoUtvar.h = MigrateDataApp\bin\Debug\Ado\OKMZDY_MSSQL_TableEntity\AdoUtvar.h
		MigrateDataApp\bin\Debug\Ado\OKMZDY_MSSQL_TableEntity\AdoUvazek.cpp = MigrateDataApp\bin\Debug\Ado\OKMZDY_MSSQL_TableEntity\AdoUvazek.cpp
		MigrateDataApp\bin\Debug\Ado\OKMZDY_MSSQL_TableEntity\AdoUvazek.h = MigrateDataApp\bin\Debug\Ado\OKMZDY_MSSQL_TableEntity\AdoUvazek.h
		MigrateDataApp\bin\Debug\Ado\OKMZDY_MSSQL_TableEntity\AdoUzivatel.cpp = MigrateDataApp\bin\Debug\Ado\OKMZDY_MSSQL_TableEntity\AdoUzivatel.cpp
		MigrateDataApp\bin\Debug\Ado\OKMZDY_MSSQL_TableEntity\AdoUzivatel.h = MigrateDataApp\bin\Debug\Ado\OKMZDY_MSSQL_TableEntity\AdoUzivatel.h
		MigrateDataApp\bin\Debug\Ado\OKMZDY_MSSQL_TableEntity\AdoUzivCiselnik.cpp = MigrateDataApp\bin\Debug\Ado\OKMZDY_MSSQL_TableEntity\AdoUzivCiselnik.cpp
		MigrateDataApp\bin\Debug\Ado\OKMZDY_MSSQL_TableEntity\AdoUzivCiselnik.h = MigrateDataApp\bin\Debug\Ado\OKMZDY_MSSQL_TableEntity\AdoUzivCiselnik.h
		MigrateDataApp\bin\Debug\Ado\OKMZDY_MSSQL_TableEntity\AdoUzivDataPPomer.cpp = MigrateDataApp\bin\Debug\Ado\OKMZDY_MSSQL_TableEntity\AdoUzivDataPPomer.cpp
		MigrateDataApp\bin\Debug\Ado\OKMZDY_MSSQL_TableEntity\AdoUzivDataPPomer.h = MigrateDataApp\bin\Debug\Ado\OKMZDY_MSSQL_TableEntity\AdoUzivDataPPomer.h
		MigrateDataApp\bin\Debug\Ado\OKMZDY_MSSQL_TableEntity\AdoUzivReldpDavka.cpp = MigrateDataApp\bin\Debug\Ado\OKMZDY_MSSQL_TableEntity\AdoUzivReldpDavka.cpp
		MigrateDataApp\bin\Debug\Ado\OKMZDY_MSSQL_TableEntity\AdoUzivReldpDavka.h = MigrateDataApp\bin\Debug\Ado\OKMZDY_MSSQL_TableEntity\AdoUzivReldpDavka.h
		MigrateDataApp\bin\Debug\Ado\OKMZDY_MSSQL_TableEntity\AdoValutaKurz.cpp = MigrateDataApp\bin\Debug\Ado\OKMZDY_MSSQL_TableEntity\AdoValutaKurz.cpp
		MigrateDataApp\bin\Debug\Ado\OKMZDY_MSSQL_TableEntity\AdoValutaKurz.h = MigrateDataApp\bin\Debug\Ado\OKMZDY_MSSQL_TableEntity\AdoValutaKurz.h
		MigrateDataApp\bin\Debug\Ado\OKMZDY_MSSQL_TableEntity\AdoValutaKurzMes.cpp = MigrateDataApp\bin\Debug\Ado\OKMZDY_MSSQL_TableEntity\AdoValutaKurzMes.cpp
		MigrateDataApp\bin\Debug\Ado\OKMZDY_MSSQL_TableEntity\AdoValutaKurzMes.h = MigrateDataApp\bin\Debug\Ado\OKMZDY_MSSQL_TableEntity\AdoValutaKurzMes.h
		MigrateDataApp\bin\Debug\Ado\OKMZDY_MSSQL_TableEntity\AdoVmzvIisspPredpisy.cpp = MigrateDataApp\bin\Debug\Ado\OKMZDY_MSSQL_TableEntity\AdoVmzvIisspPredpisy.cpp
		MigrateDataApp\bin\Debug\Ado\OKMZDY_MSSQL_TableEntity\AdoVmzvIisspPredpisy.h = MigrateDataApp\bin\Debug\Ado\OKMZDY_MSSQL_TableEntity\AdoVmzvIisspPredpisy.h
		MigrateDataApp\bin\Debug\Ado\OKMZDY_MSSQL_TableEntity\AdoVRepPodaniData.cpp = MigrateDataApp\bin\Debug\Ado\OKMZDY_MSSQL_TableEntity\AdoVRepPodaniData.cpp
		MigrateDataApp\bin\Debug\Ado\OKMZDY_MSSQL_TableEntity\AdoVRepPodaniData.h = MigrateDataApp\bin\Debug\Ado\OKMZDY_MSSQL_TableEntity\AdoVRepPodaniData.h
		MigrateDataApp\bin\Debug\Ado\OKMZDY_MSSQL_TableEntity\AdoVsestCelkextmlist.cpp = MigrateDataApp\bin\Debug\Ado\OKMZDY_MSSQL_TableEntity\AdoVsestCelkextmlist.cpp
		MigrateDataApp\bin\Debug\Ado\OKMZDY_MSSQL_TableEntity\AdoVsestCelkextmlist.h = MigrateDataApp\bin\Debug\Ado\OKMZDY_MSSQL_TableEntity\AdoVsestCelkextmlist.h
		MigrateDataApp\bin\Debug\Ado\OKMZDY_MSSQL_TableEntity\AdoVsestCelkvyuctfin.cpp = MigrateDataApp\bin\Debug\Ado\OKMZDY_MSSQL_TableEntity\AdoVsestCelkvyuctfin.cpp
		MigrateDataApp\bin\Debug\Ado\OKMZDY_MSSQL_TableEntity\AdoVsestCelkvyuctfin.h = MigrateDataApp\bin\Debug\Ado\OKMZDY_MSSQL_TableEntity\AdoVsestCelkvyuctfin.h
		MigrateDataApp\bin\Debug\Ado\OKMZDY_MSSQL_TableEntity\AdoVsestHodnextmlist.cpp = MigrateDataApp\bin\Debug\Ado\OKMZDY_MSSQL_TableEntity\AdoVsestHodnextmlist.cpp
		MigrateDataApp\bin\Debug\Ado\OKMZDY_MSSQL_TableEntity\AdoVsestHodnextmlist.h = MigrateDataApp\bin\Debug\Ado\OKMZDY_MSSQL_TableEntity\AdoVsestHodnextmlist.h
		MigrateDataApp\bin\Debug\Ado\OKMZDY_MSSQL_TableEntity\AdoVsestHodnvyuctfin.cpp = MigrateDataApp\bin\Debug\Ado\OKMZDY_MSSQL_TableEntity\AdoVsestHodnvyuctfin.cpp
		MigrateDataApp\bin\Debug\Ado\OKMZDY_MSSQL_TableEntity\AdoVsestHodnvyuctfin.h = MigrateDataApp\bin\Debug\Ado\OKMZDY_MSSQL_TableEntity\AdoVsestHodnvyuctfin.h
		MigrateDataApp\bin\Debug\Ado\OKMZDY_MSSQL_TableEntity\AdoVsestSocial.cpp = MigrateDataApp\bin\Debug\Ado\OKMZDY_MSSQL_TableEntity\AdoVsestSocial.cpp
		MigrateDataApp\bin\Debug\Ado\OKMZDY_MSSQL_TableEntity\AdoVsestSocial.h = MigrateDataApp\bin\Debug\Ado\OKMZDY_MSSQL_TableEntity\AdoVsestSocial.h
		MigrateDataApp\bin\Debug\Ado\OKMZDY_MSSQL_TableEntity\AdoVsestVyplListkySort.cpp = MigrateDataApp\bin\Debug\Ado\OKMZDY_MSSQL_TableEntity\AdoVsestVyplListkySort.cpp
		MigrateDataApp\bin\Debug\Ado\OKMZDY_MSSQL_TableEntity\AdoVsestVyplListkySort.h = MigrateDataApp\bin\Debug\Ado\OKMZDY_MSSQL_TableEntity\AdoVsestVyplListkySort.h
		MigrateDataApp\bin\Debug\Ado\OKMZDY_MSSQL_TableEntity\AdoVyberAuditZaznamHist.cpp = MigrateDataApp\bin\Debug\Ado\OKMZDY_MSSQL_TableEntity\AdoVyberAuditZaznamHist.cpp
		MigrateDataApp\bin\Debug\Ado\OKMZDY_MSSQL_TableEntity\AdoVyberAuditZaznamHist.h = MigrateDataApp\bin\Debug\Ado\OKMZDY_MSSQL_TableEntity\AdoVyberAuditZaznamHist.h
		MigrateDataApp\bin\Debug\Ado\OKMZDY_MSSQL_TableEntity\AdoVyberImportCsvHist.cpp = MigrateDataApp\bin\Debug\Ado\OKMZDY_MSSQL_TableEntity\AdoVyberImportCsvHist.cpp
		MigrateDataApp\bin\Debug\Ado\OKMZDY_MSSQL_TableEntity\AdoVyberImportCsvHist.h = MigrateDataApp\bin\Debug\Ado\OKMZDY_MSSQL_TableEntity\AdoVyberImportCsvHist.h
		MigrateDataApp\bin\Debug\Ado\OKMZDY_MSSQL_TableEntity\AdoVyberPersonsCsvHist.cpp = MigrateDataApp\bin\Debug\Ado\OKMZDY_MSSQL_TableEntity\AdoVyberPersonsCsvHist.cpp
		MigrateDataApp\bin\Debug\Ado\OKMZDY_MSSQL_TableEntity\AdoVyberPersonsCsvHist.h = MigrateDataApp\bin\Debug\Ado\OKMZDY_MSSQL_TableEntity\AdoVyberPersonsCsvHist.h
		MigrateDataApp\bin\Debug\Ado\OKMZDY_MSSQL_TableEntity\AdoVyberPlMedia.cpp = MigrateDataApp\bin\Debug\Ado\OKMZDY_MSSQL_TableEntity\AdoVyberPlMedia.cpp
		MigrateDataApp\bin\Debug\Ado\OKMZDY_MSSQL_TableEntity\AdoVyberPlMedia.h = MigrateDataApp\bin\Debug\Ado\OKMZDY_MSSQL_TableEntity\AdoVyberPlMedia.h
		MigrateDataApp\bin\Debug\Ado\OKMZDY_MSSQL_TableEntity\AdoVyberPPomZarazeni.cpp = MigrateDataApp\bin\Debug\Ado\OKMZDY_MSSQL_TableEntity\AdoVyberPPomZarazeni.cpp
		MigrateDataApp\bin\Debug\Ado\OKMZDY_MSSQL_TableEntity\AdoVyberPPomZarazeni.h = MigrateDataApp\bin\Debug\Ado\OKMZDY_MSSQL_TableEntity\AdoVyberPPomZarazeni.h
		MigrateDataApp\bin\Debug\Ado\OKMZDY_MSSQL_TableEntity\AdoVyberPracOpravneni.cpp = MigrateDataApp\bin\Debug\Ado\OKMZDY_MSSQL_TableEntity\AdoVyberPracOpravneni.cpp
		MigrateDataApp\bin\Debug\Ado\OKMZDY_MSSQL_TableEntity\AdoVyberPracOpravneni.h = MigrateDataApp\bin\Debug\Ado\OKMZDY_MSSQL_TableEntity\AdoVyberPracOpravneni.h
		MigrateDataApp\bin\Debug\Ado\OKMZDY_MSSQL_TableEntity\AdoVyberPracovniky.cpp = MigrateDataApp\bin\Debug\Ado\OKMZDY_MSSQL_TableEntity\AdoVyberPracovniky.cpp
		MigrateDataApp\bin\Debug\Ado\OKMZDY_MSSQL_TableEntity\AdoVyberPracovniky.h = MigrateDataApp\bin\Debug\Ado\OKMZDY_MSSQL_TableEntity\AdoVyberPracovniky.h
		MigrateDataApp\bin\Debug\Ado\OKMZDY_MSSQL_TableEntity\AdoVyberPracovnikyFiltrXo.cpp = MigrateDataApp\bin\Debug\Ado\OKMZDY_MSSQL_TableEntity\AdoVyberPracovnikyFiltrXo.cpp
		MigrateDataApp\bin\Debug\Ado\OKMZDY_MSSQL_TableEntity\AdoVyberPracovnikyFiltrXo.h = MigrateDataApp\bin\Debug\Ado\OKMZDY_MSSQL_TableEntity\AdoVyberPracovnikyFiltrXo.h
		MigrateDataApp\bin\Debug\Ado\OKMZDY_MSSQL_TableEntity\AdoVyberPracovnikyFiltrXp.cpp = MigrateDataApp\bin\Debug\Ado\OKMZDY_MSSQL_TableEntity\AdoVyberPracovnikyFiltrXp.cpp
		MigrateDataApp\bin\Debug\Ado\OKMZDY_MSSQL_TableEntity\AdoVyberPracovnikyFiltrXp.h = MigrateDataApp\bin\Debug\Ado\OKMZDY_MSSQL_TableEntity\AdoVyberPracovnikyFiltrXp.h
		MigrateDataApp\bin\Debug\Ado\OKMZDY_MSSQL_TableEntity\AdoVyberPracovnikyFiltrXz.cpp = MigrateDataApp\bin\Debug\Ado\OKMZDY_MSSQL_TableEntity\AdoVyberPracovnikyFiltrXz.cpp
		MigrateDataApp\bin\Debug\Ado\OKMZDY_MSSQL_TableEntity\AdoVyberPracovnikyFiltrXz.h = MigrateDataApp\bin\Debug\Ado\OKMZDY_MSSQL_TableEntity\AdoVyberPracovnikyFiltrXz.h
		MigrateDataApp\bin\Debug\Ado\OKMZDY_MSSQL_TableEntity\AdoVyberPracovnikyFiltrZp.cpp = MigrateDataApp\bin\Debug\Ado\OKMZDY_MSSQL_TableEntity\AdoVyberPracovnikyFiltrZp.cpp
		MigrateDataApp\bin\Debug\Ado\OKMZDY_MSSQL_TableEntity\AdoVyberPracovnikyFiltrZp.h = MigrateDataApp\bin\Debug\Ado\OKMZDY_MSSQL_TableEntity\AdoVyberPracovnikyFiltrZp.h
		MigrateDataApp\bin\Debug\Ado\OKMZDY_MSSQL_TableEntity\AdoVyberPracPocitany.cpp = MigrateDataApp\bin\Debug\Ado\OKMZDY_MSSQL_TableEntity\AdoVyberPracPocitany.cpp
		MigrateDataApp\bin\Debug\Ado\OKMZDY_MSSQL_TableEntity\AdoVyberPracPocitany.h = MigrateDataApp\bin\Debug\Ado\OKMZDY_MSSQL_TableEntity\AdoVyberPracPocitany.h
		MigrateDataApp\bin\Debug\Ado\OKMZDY_MSSQL_TableEntity\AdoVyberPracZarazeni.cpp = MigrateDataApp\bin\Debug\Ado\OKMZDY_MSSQL_TableEntity\AdoVyberPracZarazeni.cpp
		MigrateDataApp\bin\Debug\Ado\OKMZDY_MSSQL_TableEntity\AdoVyberPracZarazeni.h = MigrateDataApp\bin\Debug\Ado\OKMZDY_MSSQL_TableEntity\AdoVyberPracZarazeni.h
		MigrateDataApp\bin\Debug\Ado\OKMZDY_MSSQL_TableEntity\AdoVyberReldp09Data.cpp = MigrateDataApp\bin\Debug\Ado\OKMZDY_MSSQL_TableEntity\AdoVyberReldp09Data.cpp
		MigrateDataApp\bin\Debug\Ado\OKMZDY_MSSQL_TableEntity\AdoVyberReldp09Data.h = MigrateDataApp\bin\Debug\Ado\OKMZDY_MSSQL_TableEntity\AdoVyberReldp09Data.h
		MigrateDataApp\bin\Debug\Ado\OKMZDY_MSSQL_TableEntity\AdoVyberReldp09Davka.cpp = MigrateDataApp\bin\Debug\Ado\OKMZDY_MSSQL_TableEntity\AdoVyberReldp09Davka.cpp
		MigrateDataApp\bin\Debug\Ado\OKMZDY_MSSQL_TableEntity\AdoVyberReldp09Davka.h = MigrateDataApp\bin\Debug\Ado\OKMZDY_MSSQL_TableEntity\AdoVyberReldp09Davka.h
		MigrateDataApp\bin\Debug\Ado\OKMZDY_MSSQL_TableEntity\AdoVyberReldpData.cpp = MigrateDataApp\bin\Debug\Ado\OKMZDY_MSSQL_TableEntity\AdoVyberReldpData.cpp
		MigrateDataApp\bin\Debug\Ado\OKMZDY_MSSQL_TableEntity\AdoVyberReldpData.h = MigrateDataApp\bin\Debug\Ado\OKMZDY_MSSQL_TableEntity\AdoVyberReldpData.h
		MigrateDataApp\bin\Debug\Ado\OKMZDY_MSSQL_TableEntity\AdoVyberReldpDavka.cpp = MigrateDataApp\bin\Debug\Ado\OKMZDY_MSSQL_TableEntity\AdoVyberReldpDavka.cpp
		MigrateDataApp\bin\Debug\Ado\OKMZDY_MSSQL_TableEntity\AdoVyberReldpDavka.h = MigrateDataApp\bin\Debug\Ado\OKMZDY_MSSQL_TableEntity\AdoVyberReldpDavka.h
		MigrateDataApp\bin\Debug\Ado\OKMZDY_MSSQL_TableEntity\AdoVyberSbMedia.cpp = MigrateDataApp\bin\Debug\Ado\OKMZDY_MSSQL_TableEntity\AdoVyberSbMedia.cpp
		MigrateDataApp\bin\Debug\Ado\OKMZDY_MSSQL_TableEntity\AdoVyberSbMedia.h = MigrateDataApp\bin\Debug\Ado\OKMZDY_MSSQL_TableEntity\AdoVyberSbMedia.h
		MigrateDataApp\bin\Debug\Ado\OKMZDY_MSSQL_TableEntity\AdoVyberSestavy.cpp = MigrateDataApp\bin\Debug\Ado\OKMZDY_MSSQL_TableEntity\AdoVyberSestavy.cpp
		MigrateDataApp\bin\Debug\Ado\OKMZDY_MSSQL_TableEntity\AdoVyberSestavy.h = MigrateDataApp\bin\Debug\Ado\OKMZDY_MSSQL_TableEntity\AdoVyberSestavy.h
		MigrateDataApp\bin\Debug\Ado\OKMZDY_MSSQL_TableEntity\AdoVyberUcetPrPolozky.cpp = MigrateDataApp\bin\Debug\Ado\OKMZDY_MSSQL_TableEntity\AdoVyberUcetPrPolozky.cpp
		MigrateDataApp\bin\Debug\Ado\OKMZDY_MSSQL_TableEntity\AdoVyberUcetPrPolozky.h = MigrateDataApp\bin\Debug\Ado\OKMZDY_MSSQL_TableEntity\AdoVyberUcetPrPolozky.h
		MigrateDataApp\bin\Debug\Ado\OKMZDY_MSSQL_TableEntity\AdoVyberUcMedia.cpp = MigrateDataApp\bin\Debug\Ado\OKMZDY_MSSQL_TableEntity\AdoVyberUcMedia.cpp
		MigrateDataApp\bin\Debug\Ado\OKMZDY_MSSQL_TableEntity\AdoVyberUcMedia.h = MigrateDataApp\bin\Debug\Ado\OKMZDY_MSSQL_TableEntity\AdoVyberUcMedia.h
		MigrateDataApp\bin\Debug\Ado\OKMZDY_MSSQL_TableEntity\AdoVyberUtvary.cpp = MigrateDataApp\bin\Debug\Ado\OKMZDY_MSSQL_TableEntity\AdoVyberUtvary.cpp
		MigrateDataApp\bin\Debug\Ado\OKMZDY_MSSQL_TableEntity\AdoVyberUtvary.h = MigrateDataApp\bin\Debug\Ado\OKMZDY_MSSQL_TableEntity\AdoVyberUtvary.h
		MigrateDataApp\bin\Debug\Ado\OKMZDY_MSSQL_TableEntity\AdoZemePlatkoef.cpp = MigrateDataApp\bin\Debug\Ado\OKMZDY_MSSQL_TableEntity\AdoZemePlatkoef.cpp
		MigrateDataApp\bin\Debug\Ado\OKMZDY_MSSQL_TableEntity\AdoZemePlatkoef.h = MigrateDataApp\bin\Debug\Ado\OKMZDY_MSSQL_TableEntity\AdoZemePlatkoef.h
		MigrateDataApp\bin\Debug\Ado\OKMZDY_MSSQL_TableEntity\AdoZemePlatkoefMes.cpp = MigrateDataApp\bin\Debug\Ado\OKMZDY_MSSQL_TableEntity\AdoZemePlatkoefMes.cpp
		MigrateDataApp\bin\Debug\Ado\OKMZDY_MSSQL_TableEntity\AdoZemePlatkoefMes.h = MigrateDataApp\bin\Debug\Ado\OKMZDY_MSSQL_TableEntity\AdoZemePlatkoefMes.h
		MigrateDataApp\bin\Debug\Ado\OKMZDY_MSSQL_TableEntity\AdoZsestDanHlaseni5478.cpp = MigrateDataApp\bin\Debug\Ado\OKMZDY_MSSQL_TableEntity\AdoZsestDanHlaseni5478.cpp
		MigrateDataApp\bin\Debug\Ado\OKMZDY_MSSQL_TableEntity\AdoZsestDanHlaseni5478.h = MigrateDataApp\bin\Debug\Ado\OKMZDY_MSSQL_TableEntity\AdoZsestDanHlaseni5478.h
		MigrateDataApp\bin\Debug\Ado\OKMZDY_MSSQL_TableEntity\AdoZsestDanOznameni.cpp = MigrateDataApp\bin\Debug\Ado\OKMZDY_MSSQL_TableEntity\AdoZsestDanOznameni.cpp
		MigrateDataApp\bin\Debug\Ado\OKMZDY_MSSQL_TableEntity\AdoZsestDanOznameni.h = MigrateDataApp\bin\Debug\Ado\OKMZDY_MSSQL_TableEntity\AdoZsestDanOznameni.h
		MigrateDataApp\bin\Debug\Ado\OKMZDY_MSSQL_TableEntity\AdoZsestDanPotvr1500.cpp = MigrateDataApp\bin\Debug\Ado\OKMZDY_MSSQL_TableEntity\AdoZsestDanPotvr1500.cpp
		MigrateDataApp\bin\Debug\Ado\OKMZDY_MSSQL_TableEntity\AdoZsestDanPotvr1500.h = MigrateDataApp\bin\Debug\Ado\OKMZDY_MSSQL_TableEntity\AdoZsestDanPotvr1500.h
		MigrateDataApp\bin\Debug\Ado\OKMZDY_MSSQL_TableEntity\AdoZsestDanPotvrzeni.cpp = MigrateDataApp\bin\Debug\Ado\OKMZDY_MSSQL_TableEntity\AdoZsestDanPotvrzeni.cpp
		MigrateDataApp\bin\Debug\Ado\OKMZDY_MSSQL_TableEntity\AdoZsestDanPotvrzeni.h = MigrateDataApp\bin\Debug\Ado\OKMZDY_MSSQL_TableEntity\AdoZsestDanPotvrzeni.h
		MigrateDataApp\bin\Debug\Ado\OKMZDY_MSSQL_TableEntity\AdoZsestDanPrijmy.cpp = MigrateDataApp\bin\Debug\Ado\OKMZDY_MSSQL_TableEntity\AdoZsestDanPrijmy.cpp
		MigrateDataApp\bin\Debug\Ado\OKMZDY_MSSQL_TableEntity\AdoZsestDanPrijmy.h = MigrateDataApp\bin\Debug\Ado\OKMZDY_MSSQL_TableEntity\AdoZsestDanPrijmy.h
		MigrateDataApp\bin\Debug\Ado\OKMZDY_MSSQL_TableEntity\AdoZsestDanZvyhodne.cpp = MigrateDataApp\bin\Debug\Ado\OKMZDY_MSSQL_TableEntity\AdoZsestDanZvyhodne.cpp
		MigrateDataApp\bin\Debug\Ado\OKMZDY_MSSQL_TableEntity\AdoZsestDanZvyhodne.h = MigrateDataApp\bin\Debug\Ado\OKMZDY_MSSQL_TableEntity\AdoZsestDanZvyhodne.h
		MigrateDataApp\bin\Debug\Ado\OKMZDY_MSSQL_TableEntity\AdoZsestDavkaUcetni.cpp = MigrateDataApp\bin\Debug\Ado\OKMZDY_MSSQL_TableEntity\AdoZsestDavkaUcetni.cpp
		MigrateDataApp\bin\Debug\Ado\OKMZDY_MSSQL_TableEntity\AdoZsestDavkaUcetni.h = MigrateDataApp\bin\Debug\Ado\OKMZDY_MSSQL_TableEntity\AdoZsestDavkaUcetni.h
		MigrateDataApp\bin\Debug\Ado\OKMZDY_MSSQL_TableEntity\AdoZsestDpzvd2Vetab.cpp = MigrateDataApp\bin\Debug\Ado\OKMZDY_MSSQL_TableEntity\AdoZsestDpzvd2Vetab.cpp
		MigrateDataApp\bin\Debug\Ado\OKMZDY_MSSQL_TableEntity\AdoZsestDpzvd2Vetab.h = MigrateDataApp\bin\Debug\Ado\OKMZDY_MSSQL_TableEntity\AdoZsestDpzvd2Vetab.h
		MigrateDataApp\bin\Debug\Ado\OKMZDY_MSSQL_TableEntity\AdoZsestDpzvd2Vetac.cpp = MigrateDataApp\bin\Debug\Ado\OKMZDY_MSSQL_TableEntity\AdoZsestDpzvd2Vetac.cpp
		MigrateDataApp\bin\Debug\Ado\OKMZDY_MSSQL_TableEntity\AdoZsestDpzvd2Vetac.h = MigrateDataApp\bin\Debug\Ado\OKMZDY_MSSQL_TableEntity\AdoZsestDpzvd2Vetac.h
		MigrateDataApp\bin\Debug\Ado\OKMZDY_MSSQL_TableEntity\AdoZsestDpzvd2Vetad.cpp = MigrateDataApp\bin\Debug\Ado\OKMZDY_MSSQL_TableEntity\AdoZsestDpzvd2Vetad.cpp
		MigrateDataApp\bin\Debug\Ado\OKMZDY_MSSQL_TableEntity\AdoZsestDpzvd2Vetad.h = MigrateDataApp\bin\Debug\Ado\OKMZDY_MSSQL_TableEntity\AdoZsestDpzvd2Vetad.h
		MigrateDataApp\bin\Debug\Ado\OKMZDY_MSSQL_TableEntity\AdoZsestDpzvd2Vetae.cpp = MigrateDataApp\bin\Debug\Ado\OKMZDY_MSSQL_TableEntity\AdoZsestDpzvd2Vetae.cpp
		MigrateDataApp\bin\Debug\Ado\OKMZDY_MSSQL_TableEntity\AdoZsestDpzvd2Vetae.h = MigrateDataApp\bin\Debug\Ado\OKMZDY_MSSQL_TableEntity\AdoZsestDpzvd2Vetae.h
		MigrateDataApp\bin\Debug\Ado\OKMZDY_MSSQL_TableEntity\AdoZsestDpzvd2Vetaf.cpp = MigrateDataApp\bin\Debug\Ado\OKMZDY_MSSQL_TableEntity\AdoZsestDpzvd2Vetaf.cpp
		MigrateDataApp\bin\Debug\Ado\OKMZDY_MSSQL_TableEntity\AdoZsestDpzvd2Vetaf.h = MigrateDataApp\bin\Debug\Ado\OKMZDY_MSSQL_TableEntity\AdoZsestDpzvd2Vetaf.h
		MigrateDataApp\bin\Debug\Ado\OKMZDY_MSSQL_TableEntity\AdoZsestDpzvd2Vetag.cpp = MigrateDataApp\bin\Debug\Ado\OKMZDY_MSSQL_TableEntity\AdoZsestDpzvd2Vetag.cpp
		MigrateDataApp\bin\Debug\Ado\OKMZDY_MSSQL_TableEntity\AdoZsestDpzvd2Vetag.h = MigrateDataApp\bin\Debug\Ado\OKMZDY_MSSQL_TableEntity\AdoZsestDpzvd2Vetag.h
		MigrateDataApp\bin\Debug\Ado\OKMZDY_MSSQL_TableEntity\AdoZsestDpzvd2Vetao.cpp = MigrateDataApp\bin\Debug\Ado\OKMZDY_MSSQL_TableEntity\AdoZsestDpzvd2Vetao.cpp
		MigrateDataApp\bin\Debug\Ado\OKMZDY_MSSQL_TableEntity\AdoZsestDpzvd2Vetao.h = MigrateDataApp\bin\Debug\Ado\OKMZDY_MSSQL_TableEntity\AdoZsestDpzvd2Vetao.h
		MigrateDataApp\bin\Debug\Ado\OKMZDY_MSSQL_TableEntity\AdoZsestDpzvs2Vetae.cpp = MigrateDataApp\bin\Debug\Ado\OKMZDY_MSSQL_TableEntity\AdoZsestDpzvs2Vetae.cpp
		MigrateDataApp\bin\Debug\Ado\OKMZDY_MSSQL_TableEntity\AdoZsestDpzvs2Vetae.h = MigrateDataApp\bin\Debug\Ado\OKMZDY_MSSQL_TableEntity\AdoZsestDpzvs2Vetae.h
		MigrateDataApp\bin\Debug\Ado\OKMZDY_MSSQL_TableEntity\AdoZsestDpzvs2Vetao.cpp = MigrateDataApp\bin\Debug\Ado\OKMZDY_MSSQL_TableEntity\AdoZsestDpzvs2Vetao.cpp
		MigrateDataApp\bin\Debug\Ado\OKMZDY_MSSQL_TableEntity\AdoZsestDpzvs2Vetao.h = MigrateDataApp\bin\Debug\Ado\OKMZDY_MSSQL_TableEntity\AdoZsestDpzvs2Vetao.h
		MigrateDataApp\bin\Debug\Ado\OKMZDY_MSSQL_TableEntity\AdoZsestDsporHlasca.cpp = MigrateDataApp\bin\Debug\Ado\OKMZDY_MSSQL_TableEntity\AdoZsestDsporHlasca.cpp
		MigrateDataApp\bin\Debug\Ado\OKMZDY_MSSQL_TableEntity\AdoZsestDsporHlasca.h = MigrateDataApp\bin\Debug\Ado\OKMZDY_MSSQL_TableEntity\AdoZsestDsporHlasca.h
		MigrateDataApp\bin\Debug\Ado\OKMZDY_MSSQL_TableEntity\AdoZsestDsporHlasna.cpp = MigrateDataApp\bin\Debug\Ado\OKMZDY_MSSQL_TableEntity\AdoZsestDsporHlasna.cpp
		MigrateDataApp\bin\Debug\Ado\OKMZDY_MSSQL_TableEntity\AdoZsestDsporHlasna.h = MigrateDataApp\bin\Debug\Ado\OKMZDY_MSSQL_TableEntity\AdoZsestDsporHlasna.h
		MigrateDataApp\bin\Debug\Ado\OKMZDY_MSSQL_TableEntity\AdoZsestDsporVyuct.cpp = MigrateDataApp\bin\Debug\Ado\OKMZDY_MSSQL_TableEntity\AdoZsestDsporVyuct.cpp
		MigrateDataApp\bin\Debug\Ado\OKMZDY_MSSQL_TableEntity\AdoZsestDsporVyuct.h = MigrateDataApp\bin\Debug\Ado\OKMZDY_MSSQL_TableEntity\AdoZsestDsporVyuct.h
		MigrateDataApp\bin\Debug\Ado\OKMZDY_MSSQL_TableEntity\AdoZsestEldp2004.cpp = MigrateDataApp\bin\Debug\Ado\OKMZDY_MSSQL_TableEntity\AdoZsestEldp2004.cpp
		MigrateDataApp\bin\Debug\Ado\OKMZDY_MSSQL_TableEntity\AdoZsestEldp2004.h = MigrateDataApp\bin\Debug\Ado\OKMZDY_MSSQL_TableEntity\AdoZsestEldp2004.h
		MigrateDataApp\bin\Debug\Ado\OKMZDY_MSSQL_TableEntity\AdoZsestExtMzdlist.cpp = MigrateDataApp\bin\Debug\Ado\OKMZDY_MSSQL_TableEntity\AdoZsestExtMzdlist.cpp
		MigrateDataApp\bin\Debug\Ado\OKMZDY_MSSQL_TableEntity\AdoZsestExtMzdlist.h = MigrateDataApp\bin\Debug\Ado\OKMZDY_MSSQL_TableEntity\AdoZsestExtMzdlist.h
		MigrateDataApp\bin\Debug\Ado\OKMZDY_MSSQL_TableEntity\AdoZsestKartazPPom.cpp = MigrateDataApp\bin\Debug\Ado\OKMZDY_MSSQL_TableEntity\AdoZsestKartazPPom.cpp
		MigrateDataApp\bin\Debug\Ado\OKMZDY_MSSQL_TableEntity\AdoZsestKartazPPom.h = MigrateDataApp\bin\Debug\Ado\OKMZDY_MSSQL_TableEntity\AdoZsestKartazPPom.h
		MigrateDataApp\bin\Debug\Ado\OKMZDY_MSSQL_TableEntity\AdoZsestKartazPpoz.cpp = MigrateDataApp\bin\Debug\Ado\OKMZDY_MSSQL_TableEntity\AdoZsestKartazPpoz.cpp
		MigrateDataApp\bin\Debug\Ado\OKMZDY_MSSQL_TableEntity\AdoZsestKartazPpoz.h = MigrateDataApp\bin\Debug\Ado\OKMZDY_MSSQL_TableEntity\AdoZsestKartazPpoz.h
		MigrateDataApp\bin\Debug\Ado\OKMZDY_MSSQL_TableEntity\AdoZsestKartazVzdv.cpp = MigrateDataApp\bin\Debug\Ado\OKMZDY_MSSQL_TableEntity\AdoZsestKartazVzdv.cpp
		MigrateDataApp\bin\Debug\Ado\OKMZDY_MSSQL_TableEntity\AdoZsestKartazVzdv.h = MigrateDataApp\bin\Debug\Ado\OKMZDY_MSSQL_TableEntity\AdoZsestKartazVzdv.h
		MigrateDataApp\bin\Debug\Ado\OKMZDY_MSSQL_TableEntity\AdoZsestKartazZakl.cpp = MigrateDataApp\bin\Debug\Ado\OKMZDY_MSSQL_TableEntity\AdoZsestKartazZakl.cpp
		MigrateDataApp\bin\Debug\Ado\OKMZDY_MSSQL_TableEntity\AdoZsestKartazZakl.h = MigrateDataApp\bin\Debug\Ado\OKMZDY_MSSQL_TableEntity\AdoZsestKartazZakl.h
		MigrateDataApp\bin\Debug\Ado\OKMZDY_MSSQL_TableEntity\AdoZsestKontrSocp.cpp = MigrateDataApp\bin\Debug\Ado\OKMZDY_MSSQL_TableEntity\AdoZsestKontrSocp.cpp
		MigrateDataApp\bin\Debug\Ado\OKMZDY_MSSQL_TableEntity\AdoZsestKontrSocp.h = MigrateDataApp\bin\Debug\Ado\OKMZDY_MSSQL_TableEntity\AdoZsestKontrSocp.h
		MigrateDataApp\bin\Debug\Ado\OKMZDY_MSSQL_TableEntity\AdoZsestKontrZdrp.cpp = MigrateDataApp\bin\Debug\Ado\OKMZDY_MSSQL_TableEntity\AdoZsestKontrZdrp.cpp
		MigrateDataApp\bin\Debug\Ado\OKMZDY_MSSQL_TableEntity\AdoZsestKontrZdrp.h = MigrateDataApp\bin\Debug\Ado\OKMZDY_MSSQL_TableEntity\AdoZsestKontrZdrp.h
		MigrateDataApp\bin\Debug\Ado\OKMZDY_MSSQL_TableEntity\AdoZsestMlmesice.cpp = MigrateDataApp\bin\Debug\Ado\OKMZDY_MSSQL_TableEntity\AdoZsestMlmesice.cpp
		MigrateDataApp\bin\Debug\Ado\OKMZDY_MSSQL_TableEntity\AdoZsestMlmesice.h = MigrateDataApp\bin\Debug\Ado\OKMZDY_MSSQL_TableEntity\AdoZsestMlmesice.h
		MigrateDataApp\bin\Debug\Ado\OKMZDY_MSSQL_TableEntity\AdoZsestMlneprit.cpp = MigrateDataApp\bin\Debug\Ado\OKMZDY_MSSQL_TableEntity\AdoZsestMlneprit.cpp
		MigrateDataApp\bin\Debug\Ado\OKMZDY_MSSQL_TableEntity\AdoZsestMlneprit.h = MigrateDataApp\bin\Debug\Ado\OKMZDY_MSSQL_TableEntity\AdoZsestMlneprit.h
		MigrateDataApp\bin\Debug\Ado\OKMZDY_MSSQL_TableEntity\AdoZsestMlnezdan.cpp = MigrateDataApp\bin\Debug\Ado\OKMZDY_MSSQL_TableEntity\AdoZsestMlnezdan.cpp
		MigrateDataApp\bin\Debug\Ado\OKMZDY_MSSQL_TableEntity\AdoZsestMlnezdan.h = MigrateDataApp\bin\Debug\Ado\OKMZDY_MSSQL_TableEntity\AdoZsestMlnezdan.h
		MigrateDataApp\bin\Debug\Ado\OKMZDY_MSSQL_TableEntity\AdoZsestMlpomery.cpp = MigrateDataApp\bin\Debug\Ado\OKMZDY_MSSQL_TableEntity\AdoZsestMlpomery.cpp
		MigrateDataApp\bin\Debug\Ado\OKMZDY_MSSQL_TableEntity\AdoZsestMlpomery.h = MigrateDataApp\bin\Debug\Ado\OKMZDY_MSSQL_TableEntity\AdoZsestMlpomery.h
		MigrateDataApp\bin\Debug\Ado\OKMZDY_MSSQL_TableEntity\AdoZsestMlpracov.cpp = MigrateDataApp\bin\Debug\Ado\OKMZDY_MSSQL_TableEntity\AdoZsestMlpracov.cpp
		MigrateDataApp\bin\Debug\Ado\OKMZDY_MSSQL_TableEntity\AdoZsestMlpracov.h = MigrateDataApp\bin\Debug\Ado\OKMZDY_MSSQL_TableEntity\AdoZsestMlpracov.h
		MigrateDataApp\bin\Debug\Ado\OKMZDY_MSSQL_TableEntity\AdoZsestNemDavky.cpp = MigrateDataApp\bin\Debug\Ado\OKMZDY_MSSQL_TableEntity\AdoZsestNemDavky.cpp
		MigrateDataApp\bin\Debug\Ado\OKMZDY_MSSQL_TableEntity\AdoZsestNemDavky.h = MigrateDataApp\bin\Debug\Ado\OKMZDY_MSSQL_TableEntity\AdoZsestNemDavky.h
		MigrateDataApp\bin\Debug\Ado\OKMZDY_MSSQL_TableEntity\AdoZsestNemDavky09.cpp = MigrateDataApp\bin\Debug\Ado\OKMZDY_MSSQL_TableEntity\AdoZsestNemDavky09.cpp
		MigrateDataApp\bin\Debug\Ado\OKMZDY_MSSQL_TableEntity\AdoZsestNemDavky09.h = MigrateDataApp\bin\Debug\Ado\OKMZDY_MSSQL_TableEntity\AdoZsestNemDavky09.h
		MigrateDataApp\bin\Debug\Ado\OKMZDY_MSSQL_TableEntity\AdoZsestOznamSocp.cpp = MigrateDataApp\bin\Debug\Ado\OKMZDY_MSSQL_TableEntity\AdoZsestOznamSocp.cpp
		MigrateDataApp\bin\Debug\Ado\OKMZDY_MSSQL_TableEntity\AdoZsestOznamSocp.h = MigrateDataApp\bin\Debug\Ado\OKMZDY_MSSQL_TableEntity\AdoZsestOznamSocp.h
		MigrateDataApp\bin\Debug\Ado\OKMZDY_MSSQL_TableEntity\AdoZsestPlatbyCr.cpp = MigrateDataApp\bin\Debug\Ado\OKMZDY_MSSQL_TableEntity\AdoZsestPlatbyCr.cpp
		MigrateDataApp\bin\Debug\Ado\OKMZDY_MSSQL_TableEntity\AdoZsestPlatbyCr.h = MigrateDataApp\bin\Debug\Ado\OKMZDY_MSSQL_TableEntity\AdoZsestPlatbyCr.h
		MigrateDataApp\bin\Debug\Ado\OKMZDY_MSSQL_TableEntity\AdoZsestPlatbyEuro.cpp = MigrateDataApp\bin\Debug\Ado\OKMZDY_MSSQL_TableEntity\AdoZsestPlatbyEuro.cpp
		MigrateDataApp\bin\Debug\Ado\OKMZDY_MSSQL_TableEntity\AdoZsestPlatbyEuro.h = MigrateDataApp\bin\Debug\Ado\OKMZDY_MSSQL_TableEntity\AdoZsestPlatbyEuro.h
		MigrateDataApp\bin\Debug\Ado\OKMZDY_MSSQL_TableEntity\AdoZsestPot313Nesch.cpp = MigrateDataApp\bin\Debug\Ado\OKMZDY_MSSQL_TableEntity\AdoZsestPot313Nesch.cpp
		MigrateDataApp\bin\Debug\Ado\OKMZDY_MSSQL_TableEntity\AdoZsestPot313Nesch.h = MigrateDataApp\bin\Debug\Ado\OKMZDY_MSSQL_TableEntity\AdoZsestPot313Nesch.h
		MigrateDataApp\bin\Debug\Ado\OKMZDY_MSSQL_TableEntity\AdoZsestPot313Pohl.cpp = MigrateDataApp\bin\Debug\Ado\OKMZDY_MSSQL_TableEntity\AdoZsestPot313Pohl.cpp
		MigrateDataApp\bin\Debug\Ado\OKMZDY_MSSQL_TableEntity\AdoZsestPot313Pohl.h = MigrateDataApp\bin\Debug\Ado\OKMZDY_MSSQL_TableEntity\AdoZsestPot313Pohl.h
		MigrateDataApp\bin\Debug\Ado\OKMZDY_MSSQL_TableEntity\AdoZsestPot313Vedl.cpp = MigrateDataApp\bin\Debug\Ado\OKMZDY_MSSQL_TableEntity\AdoZsestPot313Vedl.cpp
		MigrateDataApp\bin\Debug\Ado\OKMZDY_MSSQL_TableEntity\AdoZsestPot313Vedl.h = MigrateDataApp\bin\Debug\Ado\OKMZDY_MSSQL_TableEntity\AdoZsestPot313Vedl.h
		MigrateDataApp\bin\Debug\Ado\OKMZDY_MSSQL_TableEntity\AdoZsestPotvdavSsp.cpp = MigrateDataApp\bin\Debug\Ado\OKMZDY_MSSQL_TableEntity\AdoZsestPotvdavSsp.cpp
		MigrateDataApp\bin\Debug\Ado\OKMZDY_MSSQL_TableEntity\AdoZsestPotvdavSsp.h = MigrateDataApp\bin\Debug\Ado\OKMZDY_MSSQL_TableEntity\AdoZsestPotvdavSsp.h
		MigrateDataApp\bin\Debug\Ado\OKMZDY_MSSQL_TableEntity\AdoZsestPotVpt.cpp = MigrateDataApp\bin\Debug\Ado\OKMZDY_MSSQL_TableEntity\AdoZsestPotVpt.cpp
		MigrateDataApp\bin\Debug\Ado\OKMZDY_MSSQL_TableEntity\AdoZsestPotVpt.h = MigrateDataApp\bin\Debug\Ado\OKMZDY_MSSQL_TableEntity\AdoZsestPotVpt.h
		MigrateDataApp\bin\Debug\Ado\OKMZDY_MSSQL_TableEntity\AdoZsestPotVptRozhobd.cpp = MigrateDataApp\bin\Debug\Ado\OKMZDY_MSSQL_TableEntity\AdoZsestPotVptRozhobd.cpp
		MigrateDataApp\bin\Debug\Ado\OKMZDY_MSSQL_TableEntity\AdoZsestPotVptRozhobd.h = MigrateDataApp\bin\Debug\Ado\OKMZDY_MSSQL_TableEntity\AdoZsestPotVptRozhobd.h
		MigrateDataApp\bin\Debug\Ado\OKMZDY_MSSQL_TableEntity\AdoZsestPotvrzDp.cpp = MigrateDataApp\bin\Debug\Ado\OKMZDY_MSSQL_TableEntity\AdoZsestPotvrzDp.cpp
		MigrateDataApp\bin\Debug\Ado\OKMZDY_MSSQL_TableEntity\AdoZsestPotvrzDp.h = MigrateDataApp\bin\Debug\Ado\OKMZDY_MSSQL_TableEntity\AdoZsestPotvrzDp.h
		MigrateDataApp\bin\Debug\Ado\OKMZDY_MSSQL_TableEntity\AdoZsestPotvrzHlav.cpp = MigrateDataApp\bin\Debug\Ado\OKMZDY_MSSQL_TableEntity\AdoZsestPotvrzHlav.cpp
		MigrateDataApp\bin\Debug\Ado\OKMZDY_MSSQL_TableEntity\AdoZsestPotvrzHlav.h = MigrateDataApp\bin\Debug\Ado\OKMZDY_MSSQL_TableEntity\AdoZsestPotvrzHlav.h
		MigrateDataApp\bin\Debug\Ado\OKMZDY_MSSQL_TableEntity\AdoZsestPotvrzSp.cpp = MigrateDataApp\bin\Debug\Ado\OKMZDY_MSSQL_TableEntity\AdoZsestPotvrzSp.cpp
		MigrateDataApp\bin\Debug\Ado\OKMZDY_MSSQL_TableEntity\AdoZsestPotvrzSp.h = MigrateDataApp\bin\Debug\Ado\OKMZDY_MSSQL_TableEntity\AdoZsestPotvrzSp.h
		MigrateDataApp\bin\Debug\Ado\OKMZDY_MSSQL_TableEntity\AdoZsestPotvrzZp.cpp = MigrateDataApp\bin\Debug\Ado\OKMZDY_MSSQL_TableEntity\AdoZsestPotvrzZp.cpp
		MigrateDataApp\bin\Debug\Ado\OKMZDY_MSSQL_TableEntity\AdoZsestPotvrzZp.h = MigrateDataApp\bin\Debug\Ado\OKMZDY_MSSQL_TableEntity\AdoZsestPotvrzZp.h
		MigrateDataApp\bin\Debug\Ado\OKMZDY_MSSQL_TableEntity\AdoZsestPotvvrzOsr111.cpp = MigrateDataApp\bin\Debug\Ado\OKMZDY_MSSQL_TableEntity\AdoZsestPotvvrzOsr111.cpp
		MigrateDataApp\bin\Debug\Ado\OKMZDY_MSSQL_TableEntity\AdoZsestPotvvrzOsr111.h = MigrateDataApp\bin\Debug\Ado\OKMZDY_MSSQL_TableEntity\AdoZsestPotvvrzOsr111.h
		MigrateDataApp\bin\Debug\Ado\OKMZDY_MSSQL_TableEntity\AdoZsestPPomerPraxe.cpp = MigrateDataApp\bin\Debug\Ado\OKMZDY_MSSQL_TableEntity\AdoZsestPPomerPraxe.cpp
		MigrateDataApp\bin\Debug\Ado\OKMZDY_MSSQL_TableEntity\AdoZsestPPomerPraxe.h = MigrateDataApp\bin\Debug\Ado\OKMZDY_MSSQL_TableEntity\AdoZsestPPomerPraxe.h
		MigrateDataApp\bin\Debug\Ado\OKMZDY_MSSQL_TableEntity\AdoZsestPrehlSocp.cpp = MigrateDataApp\bin\Debug\Ado\OKMZDY_MSSQL_TableEntity\AdoZsestPrehlSocp.cpp
		MigrateDataApp\bin\Debug\Ado\OKMZDY_MSSQL_TableEntity\AdoZsestPrehlSocp.h = MigrateDataApp\bin\Debug\Ado\OKMZDY_MSSQL_TableEntity\AdoZsestPrehlSocp.h
		MigrateDataApp\bin\Debug\Ado\OKMZDY_MSSQL_TableEntity\AdoZsestPrehlZdrp.cpp = MigrateDataApp\bin\Debug\Ado\OKMZDY_MSSQL_TableEntity\AdoZsestPrehlZdrp.cpp
		MigrateDataApp\bin\Debug\Ado\OKMZDY_MSSQL_TableEntity\AdoZsestPrehlZdrp.h = MigrateDataApp\bin\Debug\Ado\OKMZDY_MSSQL_TableEntity\AdoZsestPrehlZdrp.h
		MigrateDataApp\bin\Debug\Ado\OKMZDY_MSSQL_TableEntity\AdoZsestPrehvyuctfin.cpp = MigrateDataApp\bin\Debug\Ado\OKMZDY_MSSQL_TableEntity\AdoZsestPrehvyuctfin.cpp
		MigrateDataApp\bin\Debug\Ado\OKMZDY_MSSQL_TableEntity\AdoZsestPrehvyuctfin.h = MigrateDataApp\bin\Debug\Ado\OKMZDY_MSSQL_TableEntity\AdoZsestPrehvyuctfin.h
		MigrateDataApp\bin\Debug\Ado\OKMZDY_MSSQL_TableEntity\AdoZsestPrijemSsp.cpp = MigrateDataApp\bin\Debug\Ado\OKMZDY_MSSQL_TableEntity\AdoZsestPrijemSsp.cpp
		MigrateDataApp\bin\Debug\Ado\OKMZDY_MSSQL_TableEntity\AdoZsestPrijemSsp.h = MigrateDataApp\bin\Debug\Ado\OKMZDY_MSSQL_TableEntity\AdoZsestPrijemSsp.h
		MigrateDataApp\bin\Debug\Ado\OKMZDY_MSSQL_TableEntity\AdoZsestPrilohaSocp.cpp = MigrateDataApp\bin\Debug\Ado\OKMZDY_MSSQL_TableEntity\AdoZsestPrilohaSocp.cpp
		MigrateDataApp\bin\Debug\Ado\OKMZDY_MSSQL_TableEntity\AdoZsestPrilohaSocp.h = MigrateDataApp\bin\Debug\Ado\OKMZDY_MSSQL_TableEntity\AdoZsestPrilohaSocp.h
		MigrateDataApp\bin\Debug\Ado\OKMZDY_MSSQL_TableEntity\AdoZsestRekapit.cpp = MigrateDataApp\bin\Debug\Ado\OKMZDY_MSSQL_TableEntity\AdoZsestRekapit.cpp
		MigrateDataApp\bin\Debug\Ado\OKMZDY_MSSQL_TableEntity\AdoZsestRekapit.h = MigrateDataApp\bin\Debug\Ado\OKMZDY_MSSQL_TableEntity\AdoZsestRekapit.h
		MigrateDataApp\bin\Debug\Ado\OKMZDY_MSSQL_TableEntity\AdoZsestReldp09Poj.cpp = MigrateDataApp\bin\Debug\Ado\OKMZDY_MSSQL_TableEntity\AdoZsestReldp09Poj.cpp
		MigrateDataApp\bin\Debug\Ado\OKMZDY_MSSQL_TableEntity\AdoZsestReldp09Poj.h = MigrateDataApp\bin\Debug\Ado\OKMZDY_MSSQL_TableEntity\AdoZsestReldp09Poj.h
		MigrateDataApp\bin\Debug\Ado\OKMZDY_MSSQL_TableEntity\AdoZsestReldp09Prac.cpp = MigrateDataApp\bin\Debug\Ado\OKMZDY_MSSQL_TableEntity\AdoZsestReldp09Prac.cpp
		MigrateDataApp\bin\Debug\Ado\OKMZDY_MSSQL_TableEntity\AdoZsestReldp09Prac.h = MigrateDataApp\bin\Debug\Ado\OKMZDY_MSSQL_TableEntity\AdoZsestReldp09Prac.h
		MigrateDataApp\bin\Debug\Ado\OKMZDY_MSSQL_TableEntity\AdoZsestSlevySocp.cpp = MigrateDataApp\bin\Debug\Ado\OKMZDY_MSSQL_TableEntity\AdoZsestSlevySocp.cpp
		MigrateDataApp\bin\Debug\Ado\OKMZDY_MSSQL_TableEntity\AdoZsestSlevySocp.h = MigrateDataApp\bin\Debug\Ado\OKMZDY_MSSQL_TableEntity\AdoZsestSlevySocp.h
		MigrateDataApp\bin\Debug\Ado\OKMZDY_MSSQL_TableEntity\AdoZsestSocial.cpp = MigrateDataApp\bin\Debug\Ado\OKMZDY_MSSQL_TableEntity\AdoZsestSocial.cpp
		MigrateDataApp\bin\Debug\Ado\OKMZDY_MSSQL_TableEntity\AdoZsestSocial.h = MigrateDataApp\bin\Debug\Ado\OKMZDY_MSSQL_TableEntity\AdoZsestSocial.h
		MigrateDataApp\bin\Debug\Ado\OKMZDY_MSSQL_TableEntity\AdoZsestSoczdrPayms.cpp = MigrateDataApp\bin\Debug\Ado\OKMZDY_MSSQL_TableEntity\AdoZsestSoczdrPayms.cpp
		MigrateDataApp\bin\Debug\Ado\OKMZDY_MSSQL_TableEntity\AdoZsestSoczdrPayms.h = MigrateDataApp\bin\Debug\Ado\OKMZDY_MSSQL_TableEntity\AdoZsestSoczdrPayms.h
		MigrateDataApp\bin\Debug\Ado\OKMZDY_MSSQL_TableEntity\AdoZsestUzivSest.cpp = MigrateDataApp\bin\Debug\Ado\OKMZDY_MSSQL_TableEntity\AdoZsestUzivSest.cpp
		MigrateDataApp\bin\Debug\Ado\OKMZDY_MSSQL_TableEntity\AdoZsestUzivSest.h = MigrateDataApp\bin\Debug\Ado\OKMZDY_MSSQL_TableEntity\AdoZsestUzivSest.h
		MigrateDataApp\bin\Debug\Ado\OKMZDY_MSSQL_TableEntity\AdoZsestVypDane.cpp = MigrateDataApp\bin\Debug\Ado\OKMZDY_MSSQL_TableEntity\AdoZsestVypDane.cpp
		MigrateDataApp\bin\Debug\Ado\OKMZDY_MSSQL_TableEntity\AdoZsestVypDane.h = MigrateDataApp\bin\Debug\Ado\OKMZDY_MSSQL_TableEntity\AdoZsestVypDane.h
		MigrateDataApp\bin\Debug\Ado\OKMZDY_MSSQL_TableEntity\AdoZsestVyplListiny.cpp = MigrateDataApp\bin\Debug\Ado\OKMZDY_MSSQL_TableEntity\AdoZsestVyplListiny.cpp
		MigrateDataApp\bin\Debug\Ado\OKMZDY_MSSQL_TableEntity\AdoZsestVyplListiny.h = MigrateDataApp\bin\Debug\Ado\OKMZDY_MSSQL_TableEntity\AdoZsestVyplListiny.h
		MigrateDataApp\bin\Debug\Ado\OKMZDY_MSSQL_TableEntity\AdoZsestVyplListky.cpp = MigrateDataApp\bin\Debug\Ado\OKMZDY_MSSQL_TableEntity\AdoZsestVyplListky.cpp
		MigrateDataApp\bin\Debug\Ado\OKMZDY_MSSQL_TableEntity\AdoZsestVyplListky.h = MigrateDataApp\bin\Debug\Ado\OKMZDY_MSSQL_TableEntity\AdoZsestVyplListky.h
		MigrateDataApp\bin\Debug\Ado\OKMZDY_MSSQL_TableEntity\AdoZsestVyuctZmeny.cpp = MigrateDataApp\bin\Debug\Ado\OKMZDY_MSSQL_TableEntity\AdoZsestVyuctZmeny.cpp
		MigrateDataApp\bin\Debug\Ado\OKMZDY_MSSQL_TableEntity\AdoZsestVyuctZmeny.h = MigrateDataApp\bin\Debug\Ado\OKMZDY_MSSQL_TableEntity\AdoZsestVyuctZmeny.h
		MigrateDataApp\bin\Debug\Ado\OKMZDY_MSSQL_TableEntity\AdoZsestZadMat.cpp = MigrateDataApp\bin\Debug\Ado\OKMZDY_MSSQL_TableEntity\AdoZsestZadMat.cpp
		MigrateDataApp\bin\Debug\Ado\OKMZDY_MSSQL_TableEntity\AdoZsestZadMat.h = MigrateDataApp\bin\Debug\Ado\OKMZDY_MSSQL_TableEntity\AdoZsestZadMat.h
		MigrateDataApp\bin\Debug\Ado\OKMZDY_MSSQL_TableEntity\AdoZsestZadMatNesch.cpp = MigrateDataApp\bin\Debug\Ado\OKMZDY_MSSQL_TableEntity\AdoZsestZadMatNesch.cpp
		MigrateDataApp\bin\Debug\Ado\OKMZDY_MSSQL_TableEntity\AdoZsestZadMatNesch.h = MigrateDataApp\bin\Debug\Ado\OKMZDY_MSSQL_TableEntity\AdoZsestZadMatNesch.h
		MigrateDataApp\bin\Debug\Ado\OKMZDY_MSSQL_TableEntity\AdoZsestZadMatRozhobd.cpp = MigrateDataApp\bin\Debug\Ado\OKMZDY_MSSQL_TableEntity\AdoZsestZadMatRozhobd.cpp
		MigrateDataApp\bin\Debug\Ado\OKMZDY_MSSQL_TableEntity\AdoZsestZadMatRozhobd.h = MigrateDataApp\bin\Debug\Ado\OKMZDY_MSSQL_TableEntity\AdoZsestZadMatRozhobd.h
		MigrateDataApp\bin\Debug\Ado\OKMZDY_MSSQL_TableEntity\AdoZsestZadNem.cpp = MigrateDataApp\bin\Debug\Ado\OKMZDY_MSSQL_TableEntity\AdoZsestZadNem.cpp
		MigrateDataApp\bin\Debug\Ado\OKMZDY_MSSQL_TableEntity\AdoZsestZadNem.h = MigrateDataApp\bin\Debug\Ado\OKMZDY_MSSQL_TableEntity\AdoZsestZadNem.h
		MigrateDataApp\bin\Debug\Ado\OKMZDY_MSSQL_TableEntity\AdoZsestZadNemNesch.cpp = MigrateDataApp\bin\Debug\Ado\OKMZDY_MSSQL_TableEntity\AdoZsestZadNemNesch.cpp
		MigrateDataApp\bin\Debug\Ado\OKMZDY_MSSQL_TableEntity\AdoZsestZadNemNesch.h = MigrateDataApp\bin\Debug\Ado\OKMZDY_MSSQL_TableEntity\AdoZsestZadNemNesch.h
		MigrateDataApp\bin\Debug\Ado\OKMZDY_MSSQL_TableEntity\AdoZsestZadNemRozhobd.cpp = MigrateDataApp\bin\Debug\Ado\OKMZDY_MSSQL_TableEntity\AdoZsestZadNemRozhobd.cpp
		MigrateDataApp\bin\Debug\Ado\OKMZDY_MSSQL_TableEntity\AdoZsestZadNemRozhobd.h = MigrateDataApp\bin\Debug\Ado\OKMZDY_MSSQL_TableEntity\AdoZsestZadNemRozhobd.h
		MigrateDataApp\bin\Debug\Ado\OKMZDY_MSSQL_TableEntity\AdoZsestZadostBonusmr.cpp = MigrateDataApp\bin\Debug\Ado\OKMZDY_MSSQL_TableEntity\AdoZsestZadostBonusmr.cpp
		MigrateDataApp\bin\Debug\Ado\OKMZDY_MSSQL_TableEntity\AdoZsestZadostBonusmr.h = MigrateDataApp\bin\Debug\Ado\OKMZDY_MSSQL_TableEntity\AdoZsestZadostBonusmr.h
		MigrateDataApp\bin\Debug\Ado\OKMZDY_MSSQL_TableEntity\AdoZsestZdrav.cpp = MigrateDataApp\bin\Debug\Ado\OKMZDY_MSSQL_TableEntity\AdoZsestZdrav.cpp
		MigrateDataApp\bin\Debug\Ado\OKMZDY_MSSQL_TableEntity\AdoZsestZdrav.h = MigrateDataApp\bin\Debug\Ado\OKMZDY_MSSQL_TableEntity\AdoZsestZdrav.h
		MigrateDataApp\bin\Debug\Ado\OKMZDY_MSSQL_TableEntity\AdoZsestZmenyZp.cpp = MigrateDataApp\bin\Debug\Ado\OKMZDY_MSSQL_TableEntity\AdoZsestZmenyZp.cpp
		MigrateDataApp\bin\Debug\Ado\OKMZDY_MSSQL_TableEntity\AdoZsestZmenyZp.h = MigrateDataApp\bin\Debug\Ado\OKMZDY_MSSQL_TableEntity\AdoZsestZmenyZp.h
	EndProjectSection
EndProject
Global
	GlobalSection(SolutionConfigurationPlatforms) = preSolution
		Debug|Any CPU = Debug|Any CPU
		Release|Any CPU = Release|Any CPU
	EndGlobalSection
	GlobalSection(ProjectConfigurationPlatforms) = postSolution
		{3463B0FF-4D86-4C20-A0F4-9EC596CDEA5B}.Debug|Any CPU.ActiveCfg = Debug|Any CPU
		{3463B0FF-4D86-4C20-A0F4-9EC596CDEA5B}.Debug|Any CPU.Build.0 = Debug|Any CPU
		{3463B0FF-4D86-4C20-A0F4-9EC596CDEA5B}.Release|Any CPU.ActiveCfg = Release|Any CPU
		{3463B0FF-4D86-4C20-A0F4-9EC596CDEA5B}.Release|Any CPU.Build.0 = Release|Any CPU
		{A61E75C5-D59A-44B0-8BB5-EC5E2122228A}.Debug|Any CPU.ActiveCfg = Debug|Any CPU
		{A61E75C5-D59A-44B0-8BB5-EC5E2122228A}.Debug|Any CPU.Build.0 = Debug|Any CPU
		{A61E75C5-D59A-44B0-8BB5-EC5E2122228A}.Release|Any CPU.ActiveCfg = Release|Any CPU
		{A61E75C5-D59A-44B0-8BB5-EC5E2122228A}.Release|Any CPU.Build.0 = Release|Any CPU
	EndGlobalSection
	GlobalSection(SolutionProperties) = preSolution
		HideSolutionNode = FALSE
	EndGlobalSection
	GlobalSection(NestedProjects) = preSolution
		{BA4A9025-4130-48E1-80A3-7D5E9D9593B7} = {1C8E7C81-6757-4D9B-A544-1F0BB00E4416}
	EndGlobalSection
EndGlobal
